
Microsoft Visual Studio Solution File, Format Version 12.00
# Visual Studio 15
VisualStudioVersion = 15.0.26730.10
MinimumVisualStudioVersion = 10.0.40219.1
Project("{2150E333-8FDC-42A3-9474-1A3956D46DE8}") = "Belli.Forms.Database", "Belli.Forms.Database", "{0696AF4C-E22E-49B7-ADC7-550A20A2C82D}"
EndProject
Project("{FAE04EC0-301F-11D3-BF4B-00C04F79EFBC}") = "Belli.Forms.SQLite", "Belli.Forms.SQLite\Belli.Forms.SQLite.csproj", "{2A984E80-2998-4926-BF5A-291F832DDE40}"
EndProject
Project("{FAE04EC0-301F-11D3-BF4B-00C04F79EFBC}") = "Belli.Forms.SQLite.Droid", "Belli.Forms.SQLite.Droid\Belli.Forms.SQLite.Droid.csproj", "{FCF2BEB7-2283-4484-BE63-99F95885F055}"
EndProject
Project("{FAE04EC0-301F-11D3-BF4B-00C04F79EFBC}") = "Belli.Forms.SQLite.iOS", "Belli.Forms.SQLite.iOS\Belli.Forms.SQLite.iOS.csproj", "{05E24504-78EA-44B0-BD3A-45CBD40E32DC}"
EndProject
Project("{2150E333-8FDC-42A3-9474-1A3956D46DE8}") = "Belli.Forms.File", "Belli.Forms.File", "{54AD9E7C-CF90-4B88-A659-31E6B66CC3C2}"
EndProject
Project("{FAE04EC0-301F-11D3-BF4B-00C04F79EFBC}") = "Belli.Forms.FileExplorer", "Belli.Forms.FileExplorer\Belli.Forms.FileExplorer.csproj", "{03A6EC6B-2FF0-4528-9757-59D0646384AE}"
EndProject
Project("{FAE04EC0-301F-11D3-BF4B-00C04F79EFBC}") = "Belli.Forms.FileExplorer.Droid", "Belli.Forms.FileExplorer.Droid\Belli.Forms.FileExplorer.Droid.csproj", "{B464A0C0-0752-40D3-B80F-6EAB39A04776}"
EndProject
Project("{FAE04EC0-301F-11D3-BF4B-00C04F79EFBC}") = "Belli.Forms.FileExplorer.iOS", "Belli.Forms.FileExplorer.iOS\Belli.Forms.FileExplorer.iOS.csproj", "{A252D430-FE08-4089-8F72-5BA1CECFD130}"
EndProject
Project("{FAE04EC0-301F-11D3-BF4B-00C04F79EFBC}") = "Belli.Forms.SQLite.UWP", "Belli.Forms.SQLite.UWP\Belli.Forms.SQLite.UWP.csproj", "{5FE34366-444F-4711-A337-34E52A4E9116}"
EndProject
Project("{2150E333-8FDC-42A3-9474-1A3956D46DE8}") = "Belli.Forms.Application", "Belli.Forms.Application", "{F6F2AA6E-904B-4847-900C-42C618F1610F}"
EndProject
Project("{2150E333-8FDC-42A3-9474-1A3956D46DE8}") = "Belli.Forms.Control", "Belli.Forms.Control", "{2F46248B-3AF9-42B7-B6CB-40A1AD7AE89C}"
EndProject
Global
	GlobalSection(SolutionConfigurationPlatforms) = preSolution
		Debug|Any CPU = Debug|Any CPU
		Debug|ARM = Debug|ARM
		Debug|x64 = Debug|x64
		Debug|x86 = Debug|x86
		Release|Any CPU = Release|Any CPU
		Release|ARM = Release|ARM
		Release|x64 = Release|x64
		Release|x86 = Release|x86
	EndGlobalSection
	GlobalSection(ProjectConfigurationPlatforms) = postSolution
		{2A984E80-2998-4926-BF5A-291F832DDE40}.Debug|Any CPU.ActiveCfg = Debug|Any CPU
		{2A984E80-2998-4926-BF5A-291F832DDE40}.Debug|Any CPU.Build.0 = Debug|Any CPU
		{2A984E80-2998-4926-BF5A-291F832DDE40}.Debug|ARM.ActiveCfg = Debug|Any CPU
		{2A984E80-2998-4926-BF5A-291F832DDE40}.Debug|ARM.Build.0 = Debug|Any CPU
		{2A984E80-2998-4926-BF5A-291F832DDE40}.Debug|x64.ActiveCfg = Debug|Any CPU
		{2A984E80-2998-4926-BF5A-291F832DDE40}.Debug|x64.Build.0 = Debug|Any CPU
		{2A984E80-2998-4926-BF5A-291F832DDE40}.Debug|x86.ActiveCfg = Debug|Any CPU
		{2A984E80-2998-4926-BF5A-291F832DDE40}.Debug|x86.Build.0 = Debug|Any CPU
		{2A984E80-2998-4926-BF5A-291F832DDE40}.Release|Any CPU.ActiveCfg = Release|Any CPU
		{2A984E80-2998-4926-BF5A-291F832DDE40}.Release|Any CPU.Build.0 = Release|Any CPU
		{2A984E80-2998-4926-BF5A-291F832DDE40}.Release|ARM.ActiveCfg = Release|Any CPU
		{2A984E80-2998-4926-BF5A-291F832DDE40}.Release|ARM.Build.0 = Release|Any CPU
		{2A984E80-2998-4926-BF5A-291F832DDE40}.Release|x64.ActiveCfg = Release|Any CPU
		{2A984E80-2998-4926-BF5A-291F832DDE40}.Release|x64.Build.0 = Release|Any CPU
		{2A984E80-2998-4926-BF5A-291F832DDE40}.Release|x86.ActiveCfg = Release|Any CPU
		{2A984E80-2998-4926-BF5A-291F832DDE40}.Release|x86.Build.0 = Release|Any CPU
		{FCF2BEB7-2283-4484-BE63-99F95885F055}.Debug|Any CPU.ActiveCfg = Debug|Any CPU
		{FCF2BEB7-2283-4484-BE63-99F95885F055}.Debug|Any CPU.Build.0 = Debug|Any CPU
		{FCF2BEB7-2283-4484-BE63-99F95885F055}.Debug|ARM.ActiveCfg = Debug|Any CPU
		{FCF2BEB7-2283-4484-BE63-99F95885F055}.Debug|ARM.Build.0 = Debug|Any CPU
		{FCF2BEB7-2283-4484-BE63-99F95885F055}.Debug|x64.ActiveCfg = Debug|Any CPU
		{FCF2BEB7-2283-4484-BE63-99F95885F055}.Debug|x64.Build.0 = Debug|Any CPU
		{FCF2BEB7-2283-4484-BE63-99F95885F055}.Debug|x86.ActiveCfg = Debug|Any CPU
		{FCF2BEB7-2283-4484-BE63-99F95885F055}.Debug|x86.Build.0 = Debug|Any CPU
		{FCF2BEB7-2283-4484-BE63-99F95885F055}.Release|Any CPU.ActiveCfg = Release|Any CPU
		{FCF2BEB7-2283-4484-BE63-99F95885F055}.Release|Any CPU.Build.0 = Release|Any CPU
		{FCF2BEB7-2283-4484-BE63-99F95885F055}.Release|ARM.ActiveCfg = Release|Any CPU
		{FCF2BEB7-2283-4484-BE63-99F95885F055}.Release|ARM.Build.0 = Release|Any CPU
		{FCF2BEB7-2283-4484-BE63-99F95885F055}.Release|x64.ActiveCfg = Release|Any CPU
		{FCF2BEB7-2283-4484-BE63-99F95885F055}.Release|x64.Build.0 = Release|Any CPU
		{FCF2BEB7-2283-4484-BE63-99F95885F055}.Release|x86.ActiveCfg = Release|Any CPU
		{FCF2BEB7-2283-4484-BE63-99F95885F055}.Release|x86.Build.0 = Release|Any CPU
		{05E24504-78EA-44B0-BD3A-45CBD40E32DC}.Debug|Any CPU.ActiveCfg = Debug|Any CPU
		{05E24504-78EA-44B0-BD3A-45CBD40E32DC}.Debug|Any CPU.Build.0 = Debug|Any CPU
		{05E24504-78EA-44B0-BD3A-45CBD40E32DC}.Debug|ARM.ActiveCfg = Debug|Any CPU
		{05E24504-78EA-44B0-BD3A-45CBD40E32DC}.Debug|ARM.Build.0 = Debug|Any CPU
		{05E24504-78EA-44B0-BD3A-45CBD40E32DC}.Debug|x64.ActiveCfg = Debug|Any CPU
		{05E24504-78EA-44B0-BD3A-45CBD40E32DC}.Debug|x64.Build.0 = Debug|Any CPU
		{05E24504-78EA-44B0-BD3A-45CBD40E32DC}.Debug|x86.ActiveCfg = Debug|Any CPU
		{05E24504-78EA-44B0-BD3A-45CBD40E32DC}.Debug|x86.Build.0 = Debug|Any CPU
		{05E24504-78EA-44B0-BD3A-45CBD40E32DC}.Release|Any CPU.ActiveCfg = Release|Any CPU
		{05E24504-78EA-44B0-BD3A-45CBD40E32DC}.Release|Any CPU.Build.0 = Release|Any CPU
		{05E24504-78EA-44B0-BD3A-45CBD40E32DC}.Release|ARM.ActiveCfg = Release|Any CPU
		{05E24504-78EA-44B0-BD3A-45CBD40E32DC}.Release|ARM.Build.0 = Release|Any CPU
		{05E24504-78EA-44B0-BD3A-45CBD40E32DC}.Release|x64.ActiveCfg = Release|Any CPU
		{05E24504-78EA-44B0-BD3A-45CBD40E32DC}.Release|x64.Build.0 = Release|Any CPU
		{05E24504-78EA-44B0-BD3A-45CBD40E32DC}.Release|x86.ActiveCfg = Release|Any CPU
		{05E24504-78EA-44B0-BD3A-45CBD40E32DC}.Release|x86.Build.0 = Release|Any CPU
		{03A6EC6B-2FF0-4528-9757-59D0646384AE}.Debug|Any CPU.ActiveCfg = Debug|Any CPU
		{03A6EC6B-2FF0-4528-9757-59D0646384AE}.Debug|Any CPU.Build.0 = Debug|Any CPU
		{03A6EC6B-2FF0-4528-9757-59D0646384AE}.Debug|ARM.ActiveCfg = Debug|Any CPU
		{03A6EC6B-2FF0-4528-9757-59D0646384AE}.Debug|ARM.Build.0 = Debug|Any CPU
		{03A6EC6B-2FF0-4528-9757-59D0646384AE}.Debug|x64.ActiveCfg = Debug|Any CPU
		{03A6EC6B-2FF0-4528-9757-59D0646384AE}.Debug|x64.Build.0 = Debug|Any CPU
		{03A6EC6B-2FF0-4528-9757-59D0646384AE}.Debug|x86.ActiveCfg = Debug|Any CPU
		{03A6EC6B-2FF0-4528-9757-59D0646384AE}.Debug|x86.Build.0 = Debug|Any CPU
		{03A6EC6B-2FF0-4528-9757-59D0646384AE}.Release|Any CPU.ActiveCfg = Release|Any CPU
		{03A6EC6B-2FF0-4528-9757-59D0646384AE}.Release|Any CPU.Build.0 = Release|Any CPU
		{03A6EC6B-2FF0-4528-9757-59D0646384AE}.Release|ARM.ActiveCfg = Release|Any CPU
		{03A6EC6B-2FF0-4528-9757-59D0646384AE}.Release|ARM.Build.0 = Release|Any CPU
		{03A6EC6B-2FF0-4528-9757-59D0646384AE}.Release|x64.ActiveCfg = Release|Any CPU
		{03A6EC6B-2FF0-4528-9757-59D0646384AE}.Release|x64.Build.0 = Release|Any CPU
		{03A6EC6B-2FF0-4528-9757-59D0646384AE}.Release|x86.ActiveCfg = Release|Any CPU
		{03A6EC6B-2FF0-4528-9757-59D0646384AE}.Release|x86.Build.0 = Release|Any CPU
		{B464A0C0-0752-40D3-B80F-6EAB39A04776}.Debug|Any CPU.ActiveCfg = Debug|Any CPU
		{B464A0C0-0752-40D3-B80F-6EAB39A04776}.Debug|Any CPU.Build.0 = Debug|Any CPU
		{B464A0C0-0752-40D3-B80F-6EAB39A04776}.Debug|ARM.ActiveCfg = Debug|Any CPU
		{B464A0C0-0752-40D3-B80F-6EAB39A04776}.Debug|ARM.Build.0 = Debug|Any CPU
		{B464A0C0-0752-40D3-B80F-6EAB39A04776}.Debug|x64.ActiveCfg = Debug|Any CPU
		{B464A0C0-0752-40D3-B80F-6EAB39A04776}.Debug|x64.Build.0 = Debug|Any CPU
		{B464A0C0-0752-40D3-B80F-6EAB39A04776}.Debug|x86.ActiveCfg = Debug|Any CPU
		{B464A0C0-0752-40D3-B80F-6EAB39A04776}.Debug|x86.Build.0 = Debug|Any CPU
		{B464A0C0-0752-40D3-B80F-6EAB39A04776}.Release|Any CPU.ActiveCfg = Release|Any CPU
		{B464A0C0-0752-40D3-B80F-6EAB39A04776}.Release|Any CPU.Build.0 = Release|Any CPU
		{B464A0C0-0752-40D3-B80F-6EAB39A04776}.Release|ARM.ActiveCfg = Release|Any CPU
		{B464A0C0-0752-40D3-B80F-6EAB39A04776}.Release|ARM.Build.0 = Release|Any CPU
		{B464A0C0-0752-40D3-B80F-6EAB39A04776}.Release|x64.ActiveCfg = Release|Any CPU
		{B464A0C0-0752-40D3-B80F-6EAB39A04776}.Release|x64.Build.0 = Release|Any CPU
		{B464A0C0-0752-40D3-B80F-6EAB39A04776}.Release|x86.ActiveCfg = Release|Any CPU
		{B464A0C0-0752-40D3-B80F-6EAB39A04776}.Release|x86.Build.0 = Release|Any CPU
		{A252D430-FE08-4089-8F72-5BA1CECFD130}.Debug|Any CPU.ActiveCfg = Debug|Any CPU
		{A252D430-FE08-4089-8F72-5BA1CECFD130}.Debug|Any CPU.Build.0 = Debug|Any CPU
		{A252D430-FE08-4089-8F72-5BA1CECFD130}.Debug|ARM.ActiveCfg = Debug|Any CPU
		{A252D430-FE08-4089-8F72-5BA1CECFD130}.Debug|ARM.Build.0 = Debug|Any CPU
		{A252D430-FE08-4089-8F72-5BA1CECFD130}.Debug|x64.ActiveCfg = Debug|Any CPU
		{A252D430-FE08-4089-8F72-5BA1CECFD130}.Debug|x64.Build.0 = Debug|Any CPU
		{A252D430-FE08-4089-8F72-5BA1CECFD130}.Debug|x86.ActiveCfg = Debug|Any CPU
		{A252D430-FE08-4089-8F72-5BA1CECFD130}.Debug|x86.Build.0 = Debug|Any CPU
		{A252D430-FE08-4089-8F72-5BA1CECFD130}.Release|Any CPU.ActiveCfg = Release|Any CPU
		{A252D430-FE08-4089-8F72-5BA1CECFD130}.Release|Any CPU.Build.0 = Release|Any CPU
		{A252D430-FE08-4089-8F72-5BA1CECFD130}.Release|ARM.ActiveCfg = Release|Any CPU
		{A252D430-FE08-4089-8F72-5BA1CECFD130}.Release|ARM.Build.0 = Release|Any CPU
		{A252D430-FE08-4089-8F72-5BA1CECFD130}.Release|x64.ActiveCfg = Release|Any CPU
		{A252D430-FE08-4089-8F72-5BA1CECFD130}.Release|x64.Build.0 = Release|Any CPU
		{A252D430-FE08-4089-8F72-5BA1CECFD130}.Release|x86.ActiveCfg = Release|Any CPU
		{A252D430-FE08-4089-8F72-5BA1CECFD130}.Release|x86.Build.0 = Release|Any CPU
		{5FE34366-444F-4711-A337-34E52A4E9116}.Debug|Any CPU.ActiveCfg = Debug|Any CPU
		{5FE34366-444F-4711-A337-34E52A4E9116}.Debug|Any CPU.Build.0 = Debug|Any CPU
		{5FE34366-444F-4711-A337-34E52A4E9116}.Debug|ARM.ActiveCfg = Debug|ARM
		{5FE34366-444F-4711-A337-34E52A4E9116}.Debug|ARM.Build.0 = Debug|ARM
		{5FE34366-444F-4711-A337-34E52A4E9116}.Debug|x64.ActiveCfg = Debug|x64
		{5FE34366-444F-4711-A337-34E52A4E9116}.Debug|x64.Build.0 = Debug|x64
		{5FE34366-444F-4711-A337-34E52A4E9116}.Debug|x86.ActiveCfg = Debug|x86
		{5FE34366-444F-4711-A337-34E52A4E9116}.Debug|x86.Build.0 = Debug|x86
		{5FE34366-444F-4711-A337-34E52A4E9116}.Release|Any CPU.ActiveCfg = Release|Any CPU
		{5FE34366-444F-4711-A337-34E52A4E9116}.Release|Any CPU.Build.0 = Release|Any CPU
		{5FE34366-444F-4711-A337-34E52A4E9116}.Release|ARM.ActiveCfg = Release|ARM
		{5FE34366-444F-4711-A337-34E52A4E9116}.Release|ARM.Build.0 = Release|ARM
		{5FE34366-444F-4711-A337-34E52A4E9116}.Release|x64.ActiveCfg = Release|x64
		{5FE34366-444F-4711-A337-34E52A4E9116}.Release|x64.Build.0 = Release|x64
		{5FE34366-444F-4711-A337-34E52A4E9116}.Release|x86.ActiveCfg = Release|x86
		{5FE34366-444F-4711-A337-34E52A4E9116}.Release|x86.Build.0 = Release|x86
	EndGlobalSection
	GlobalSection(SolutionProperties) = preSolution
		HideSolutionNode = FALSE
	EndGlobalSection
	GlobalSection(NestedProjects) = preSolution
		{2A984E80-2998-4926-BF5A-291F832DDE40} = {0696AF4C-E22E-49B7-ADC7-550A20A2C82D}
		{FCF2BEB7-2283-4484-BE63-99F95885F055} = {0696AF4C-E22E-49B7-ADC7-550A20A2C82D}
		{05E24504-78EA-44B0-BD3A-45CBD40E32DC} = {0696AF4C-E22E-49B7-ADC7-550A20A2C82D}
		{03A6EC6B-2FF0-4528-9757-59D0646384AE} = {54AD9E7C-CF90-4B88-A659-31E6B66CC3C2}
		{B464A0C0-0752-40D3-B80F-6EAB39A04776} = {54AD9E7C-CF90-4B88-A659-31E6B66CC3C2}
		{A252D430-FE08-4089-8F72-5BA1CECFD130} = {54AD9E7C-CF90-4B88-A659-31E6B66CC3C2}
		{5FE34366-444F-4711-A337-34E52A4E9116} = {0696AF4C-E22E-49B7-ADC7-550A20A2C82D}
	EndGlobalSection
	GlobalSection(ExtensibilityGlobals) = postSolution
		SolutionGuid = {09ACECC1-E2F0-4D1E-9550-74F886BD1511}
	EndGlobalSection
EndGlobal
