
Microsoft Visual Studio Solution File, Format Version 12.00
# Visual Studio 15
VisualStudioVersion = 15.0.26730.10
MinimumVisualStudioVersion = 10.0.40219.1
Project("{2150E333-8FDC-42A3-9474-1A3956D46DE8}") = "Belli.Forms.Database", "Belli.Forms.Database", "{0696AF4C-E22E-49B7-ADC7-550A20A2C82D}"
EndProject
Project("{FAE04EC0-301F-11D3-BF4B-00C04F79EFBC}") = "Belli.Forms.Database", "Belli.Forms.SQLite\Belli.Forms.Database.csproj", "{2A984E80-2998-4926-BF5A-291F832DDE40}"
EndProject
Project("{FAE04EC0-301F-11D3-BF4B-00C04F79EFBC}") = "Belli.Forms.Database.Droid", "Belli.Forms.SQLite.Droid\Belli.Forms.Database.Droid.csproj", "{FCF2BEB7-2283-4484-BE63-99F95885F055}"
EndProject
Project("{FAE04EC0-301F-11D3-BF4B-00C04F79EFBC}") = "Belli.Forms.Database.iOS", "Belli.Forms.SQLite.iOS\Belli.Forms.Database.iOS.csproj", "{05E24504-78EA-44B0-BD3A-45CBD40E32DC}"
EndProject
Project("{2150E333-8FDC-42A3-9474-1A3956D46DE8}") = "Belli.Forms.File", "Belli.Forms.File", "{54AD9E7C-CF90-4B88-A659-31E6B66CC3C2}"
EndProject
Project("{FAE04EC0-301F-11D3-BF4B-00C04F79EFBC}") = "Belli.Forms.FileExplorer", "Belli.Forms.FileExplorer\Belli.Forms.FileExplorer.csproj", "{03A6EC6B-2FF0-4528-9757-59D0646384AE}"
EndProject
Project("{FAE04EC0-301F-11D3-BF4B-00C04F79EFBC}") = "Belli.Forms.FileExplorer.Droid", "Belli.Forms.FileExplorer.Droid\Belli.Forms.FileExplorer.Droid.csproj", "{B464A0C0-0752-40D3-B80F-6EAB39A04776}"
EndProject
Project("{FAE04EC0-301F-11D3-BF4B-00C04F79EFBC}") = "Belli.Forms.FileExplorer.iOS", "Belli.Forms.FileExplorer.iOS\Belli.Forms.FileExplorer.iOS.csproj", "{A252D430-FE08-4089-8F72-5BA1CECFD130}"
EndProject
Project("{FAE04EC0-301F-11D3-BF4B-00C04F79EFBC}") = "Belli.Forms.Database.UWP", "Belli.Forms.SQLite.UWP\Belli.Forms.Database.UWP.csproj", "{5FE34366-444F-4711-A337-34E52A4E9116}"
EndProject
Project("{2150E333-8FDC-42A3-9474-1A3956D46DE8}") = "Belli.Forms.MVVM", "Belli.Forms.MVVM", "{F6F2AA6E-904B-4847-900C-42C618F1610F}"
EndProject
Project("{2150E333-8FDC-42A3-9474-1A3956D46DE8}") = "Belli.Forms.Application", "Belli.Forms.Application", "{AB51FA67-24A0-45D6-95C7-222F82A9A2DA}"
EndProject
Project("{FAE04EC0-301F-11D3-BF4B-00C04F79EFBC}") = "Belli.Forms.Android", "Belli.Forms\Belli.Forms.Android\Belli.Forms.Android.csproj", "{72B8B46A-6304-4BC3-90DA-817EF3F0BC2C}"
EndProject
Project("{FAE04EC0-301F-11D3-BF4B-00C04F79EFBC}") = "Belli.Forms", "Belli.Forms\Belli.Forms\Belli.Forms.csproj", "{FED9DA99-98EE-4D91-9E46-355C5E434852}"
EndProject
Project("{2150E333-8FDC-42A3-9474-1A3956D46DE8}") = "Belli.Forms.Control", "Belli.Forms.Control", "{160DAB23-DF3F-4B50-B4DC-E77F0293AB29}"
EndProject
Project("{FAE04EC0-301F-11D3-BF4B-00C04F79EFBC}") = "Belli.Forms.MVVM", "Belli.Forms.MVVM\Belli.Forms.MVVM.csproj", "{7C6CC17D-970E-40DB-8461-38A21156130C}"
EndProject
Project("{FAE04EC0-301F-11D3-BF4B-00C04F79EFBC}") = "Belli.Forms.FileExplorer.UWP", "Belli.Forms.FileExplorer.UWP\Belli.Forms.FileExplorer.UWP.csproj", "{160A2644-409A-416B-9552-F2411BF58287}"
EndProject
Project("{FAE04EC0-301F-11D3-BF4B-00C04F79EFBC}") = "Belli.Forms.Control", "Belli.Forms.Control\Belli.Forms.Control.csproj", "{C0701B4D-5D2B-4A07-AC0E-F1BEA91DFFF7}"
EndProject
Project("{FAE04EC0-301F-11D3-BF4B-00C04F79EFBC}") = "Belli.Forms.Control.Droid", "Belli.Forms.Control.Droid\Belli.Forms.Control.Droid.csproj", "{B5C4E580-FB11-401C-B95B-AB3CE866E087}"
EndProject
Global
	GlobalSection(SolutionConfigurationPlatforms) = preSolution
		Ad-Hoc|Any CPU = Ad-Hoc|Any CPU
		Ad-Hoc|ARM = Ad-Hoc|ARM
		Ad-Hoc|iPhone = Ad-Hoc|iPhone
		Ad-Hoc|iPhoneSimulator = Ad-Hoc|iPhoneSimulator
		Ad-Hoc|x64 = Ad-Hoc|x64
		Ad-Hoc|x86 = Ad-Hoc|x86
		AppStore|Any CPU = AppStore|Any CPU
		AppStore|ARM = AppStore|ARM
		AppStore|iPhone = AppStore|iPhone
		AppStore|iPhoneSimulator = AppStore|iPhoneSimulator
		AppStore|x64 = AppStore|x64
		AppStore|x86 = AppStore|x86
		Debug|Any CPU = Debug|Any CPU
		Debug|ARM = Debug|ARM
		Debug|iPhone = Debug|iPhone
		Debug|iPhoneSimulator = Debug|iPhoneSimulator
		Debug|x64 = Debug|x64
		Debug|x86 = Debug|x86
		Release|Any CPU = Release|Any CPU
		Release|ARM = Release|ARM
		Release|iPhone = Release|iPhone
		Release|iPhoneSimulator = Release|iPhoneSimulator
		Release|x64 = Release|x64
		Release|x86 = Release|x86
	EndGlobalSection
	GlobalSection(ProjectConfigurationPlatforms) = postSolution
		{2A984E80-2998-4926-BF5A-291F832DDE40}.Ad-Hoc|Any CPU.ActiveCfg = Release|Any CPU
		{2A984E80-2998-4926-BF5A-291F832DDE40}.Ad-Hoc|Any CPU.Build.0 = Release|Any CPU
		{2A984E80-2998-4926-BF5A-291F832DDE40}.Ad-Hoc|ARM.ActiveCfg = Release|Any CPU
		{2A984E80-2998-4926-BF5A-291F832DDE40}.Ad-Hoc|ARM.Build.0 = Release|Any CPU
		{2A984E80-2998-4926-BF5A-291F832DDE40}.Ad-Hoc|iPhone.ActiveCfg = Release|Any CPU
		{2A984E80-2998-4926-BF5A-291F832DDE40}.Ad-Hoc|iPhone.Build.0 = Release|Any CPU
		{2A984E80-2998-4926-BF5A-291F832DDE40}.Ad-Hoc|iPhoneSimulator.ActiveCfg = Release|Any CPU
		{2A984E80-2998-4926-BF5A-291F832DDE40}.Ad-Hoc|iPhoneSimulator.Build.0 = Release|Any CPU
		{2A984E80-2998-4926-BF5A-291F832DDE40}.Ad-Hoc|x64.ActiveCfg = Release|Any CPU
		{2A984E80-2998-4926-BF5A-291F832DDE40}.Ad-Hoc|x64.Build.0 = Release|Any CPU
		{2A984E80-2998-4926-BF5A-291F832DDE40}.Ad-Hoc|x86.ActiveCfg = Release|Any CPU
		{2A984E80-2998-4926-BF5A-291F832DDE40}.Ad-Hoc|x86.Build.0 = Release|Any CPU
		{2A984E80-2998-4926-BF5A-291F832DDE40}.AppStore|Any CPU.ActiveCfg = Release|Any CPU
		{2A984E80-2998-4926-BF5A-291F832DDE40}.AppStore|Any CPU.Build.0 = Release|Any CPU
		{2A984E80-2998-4926-BF5A-291F832DDE40}.AppStore|ARM.ActiveCfg = Release|Any CPU
		{2A984E80-2998-4926-BF5A-291F832DDE40}.AppStore|ARM.Build.0 = Release|Any CPU
		{2A984E80-2998-4926-BF5A-291F832DDE40}.AppStore|iPhone.ActiveCfg = Release|Any CPU
		{2A984E80-2998-4926-BF5A-291F832DDE40}.AppStore|iPhone.Build.0 = Release|Any CPU
		{2A984E80-2998-4926-BF5A-291F832DDE40}.AppStore|iPhoneSimulator.ActiveCfg = Release|Any CPU
		{2A984E80-2998-4926-BF5A-291F832DDE40}.AppStore|iPhoneSimulator.Build.0 = Release|Any CPU
		{2A984E80-2998-4926-BF5A-291F832DDE40}.AppStore|x64.ActiveCfg = Release|Any CPU
		{2A984E80-2998-4926-BF5A-291F832DDE40}.AppStore|x64.Build.0 = Release|Any CPU
		{2A984E80-2998-4926-BF5A-291F832DDE40}.AppStore|x86.ActiveCfg = Release|Any CPU
		{2A984E80-2998-4926-BF5A-291F832DDE40}.AppStore|x86.Build.0 = Release|Any CPU
		{2A984E80-2998-4926-BF5A-291F832DDE40}.Debug|Any CPU.ActiveCfg = Debug|Any CPU
		{2A984E80-2998-4926-BF5A-291F832DDE40}.Debug|Any CPU.Build.0 = Debug|Any CPU
		{2A984E80-2998-4926-BF5A-291F832DDE40}.Debug|ARM.ActiveCfg = Debug|Any CPU
		{2A984E80-2998-4926-BF5A-291F832DDE40}.Debug|ARM.Build.0 = Debug|Any CPU
		{2A984E80-2998-4926-BF5A-291F832DDE40}.Debug|iPhone.ActiveCfg = Debug|Any CPU
		{2A984E80-2998-4926-BF5A-291F832DDE40}.Debug|iPhone.Build.0 = Debug|Any CPU
		{2A984E80-2998-4926-BF5A-291F832DDE40}.Debug|iPhoneSimulator.ActiveCfg = Debug|Any CPU
		{2A984E80-2998-4926-BF5A-291F832DDE40}.Debug|iPhoneSimulator.Build.0 = Debug|Any CPU
		{2A984E80-2998-4926-BF5A-291F832DDE40}.Debug|x64.ActiveCfg = Debug|Any CPU
		{2A984E80-2998-4926-BF5A-291F832DDE40}.Debug|x64.Build.0 = Debug|Any CPU
		{2A984E80-2998-4926-BF5A-291F832DDE40}.Debug|x86.ActiveCfg = Debug|Any CPU
		{2A984E80-2998-4926-BF5A-291F832DDE40}.Debug|x86.Build.0 = Debug|Any CPU
		{2A984E80-2998-4926-BF5A-291F832DDE40}.Release|Any CPU.ActiveCfg = Release|Any CPU
		{2A984E80-2998-4926-BF5A-291F832DDE40}.Release|Any CPU.Build.0 = Release|Any CPU
		{2A984E80-2998-4926-BF5A-291F832DDE40}.Release|ARM.ActiveCfg = Release|Any CPU
		{2A984E80-2998-4926-BF5A-291F832DDE40}.Release|ARM.Build.0 = Release|Any CPU
		{2A984E80-2998-4926-BF5A-291F832DDE40}.Release|iPhone.ActiveCfg = Release|Any CPU
		{2A984E80-2998-4926-BF5A-291F832DDE40}.Release|iPhone.Build.0 = Release|Any CPU
		{2A984E80-2998-4926-BF5A-291F832DDE40}.Release|iPhoneSimulator.ActiveCfg = Release|Any CPU
		{2A984E80-2998-4926-BF5A-291F832DDE40}.Release|iPhoneSimulator.Build.0 = Release|Any CPU
		{2A984E80-2998-4926-BF5A-291F832DDE40}.Release|x64.ActiveCfg = Release|Any CPU
		{2A984E80-2998-4926-BF5A-291F832DDE40}.Release|x64.Build.0 = Release|Any CPU
		{2A984E80-2998-4926-BF5A-291F832DDE40}.Release|x86.ActiveCfg = Release|Any CPU
		{2A984E80-2998-4926-BF5A-291F832DDE40}.Release|x86.Build.0 = Release|Any CPU
		{FCF2BEB7-2283-4484-BE63-99F95885F055}.Ad-Hoc|Any CPU.ActiveCfg = Release|Any CPU
		{FCF2BEB7-2283-4484-BE63-99F95885F055}.Ad-Hoc|Any CPU.Build.0 = Release|Any CPU
		{FCF2BEB7-2283-4484-BE63-99F95885F055}.Ad-Hoc|ARM.ActiveCfg = Release|Any CPU
		{FCF2BEB7-2283-4484-BE63-99F95885F055}.Ad-Hoc|ARM.Build.0 = Release|Any CPU
		{FCF2BEB7-2283-4484-BE63-99F95885F055}.Ad-Hoc|iPhone.ActiveCfg = Release|Any CPU
		{FCF2BEB7-2283-4484-BE63-99F95885F055}.Ad-Hoc|iPhone.Build.0 = Release|Any CPU
		{FCF2BEB7-2283-4484-BE63-99F95885F055}.Ad-Hoc|iPhoneSimulator.ActiveCfg = Release|Any CPU
		{FCF2BEB7-2283-4484-BE63-99F95885F055}.Ad-Hoc|iPhoneSimulator.Build.0 = Release|Any CPU
		{FCF2BEB7-2283-4484-BE63-99F95885F055}.Ad-Hoc|x64.ActiveCfg = Release|Any CPU
		{FCF2BEB7-2283-4484-BE63-99F95885F055}.Ad-Hoc|x64.Build.0 = Release|Any CPU
		{FCF2BEB7-2283-4484-BE63-99F95885F055}.Ad-Hoc|x86.ActiveCfg = Release|Any CPU
		{FCF2BEB7-2283-4484-BE63-99F95885F055}.Ad-Hoc|x86.Build.0 = Release|Any CPU
		{FCF2BEB7-2283-4484-BE63-99F95885F055}.AppStore|Any CPU.ActiveCfg = Release|Any CPU
		{FCF2BEB7-2283-4484-BE63-99F95885F055}.AppStore|Any CPU.Build.0 = Release|Any CPU
		{FCF2BEB7-2283-4484-BE63-99F95885F055}.AppStore|ARM.ActiveCfg = Release|Any CPU
		{FCF2BEB7-2283-4484-BE63-99F95885F055}.AppStore|ARM.Build.0 = Release|Any CPU
		{FCF2BEB7-2283-4484-BE63-99F95885F055}.AppStore|iPhone.ActiveCfg = Release|Any CPU
		{FCF2BEB7-2283-4484-BE63-99F95885F055}.AppStore|iPhone.Build.0 = Release|Any CPU
		{FCF2BEB7-2283-4484-BE63-99F95885F055}.AppStore|iPhoneSimulator.ActiveCfg = Release|Any CPU
		{FCF2BEB7-2283-4484-BE63-99F95885F055}.AppStore|iPhoneSimulator.Build.0 = Release|Any CPU
		{FCF2BEB7-2283-4484-BE63-99F95885F055}.AppStore|x64.ActiveCfg = Release|Any CPU
		{FCF2BEB7-2283-4484-BE63-99F95885F055}.AppStore|x64.Build.0 = Release|Any CPU
		{FCF2BEB7-2283-4484-BE63-99F95885F055}.AppStore|x86.ActiveCfg = Release|Any CPU
		{FCF2BEB7-2283-4484-BE63-99F95885F055}.AppStore|x86.Build.0 = Release|Any CPU
		{FCF2BEB7-2283-4484-BE63-99F95885F055}.Debug|Any CPU.ActiveCfg = Debug|Any CPU
		{FCF2BEB7-2283-4484-BE63-99F95885F055}.Debug|Any CPU.Build.0 = Debug|Any CPU
		{FCF2BEB7-2283-4484-BE63-99F95885F055}.Debug|ARM.ActiveCfg = Debug|Any CPU
		{FCF2BEB7-2283-4484-BE63-99F95885F055}.Debug|ARM.Build.0 = Debug|Any CPU
		{FCF2BEB7-2283-4484-BE63-99F95885F055}.Debug|iPhone.ActiveCfg = Debug|Any CPU
		{FCF2BEB7-2283-4484-BE63-99F95885F055}.Debug|iPhone.Build.0 = Debug|Any CPU
		{FCF2BEB7-2283-4484-BE63-99F95885F055}.Debug|iPhoneSimulator.ActiveCfg = Debug|Any CPU
		{FCF2BEB7-2283-4484-BE63-99F95885F055}.Debug|iPhoneSimulator.Build.0 = Debug|Any CPU
		{FCF2BEB7-2283-4484-BE63-99F95885F055}.Debug|x64.ActiveCfg = Debug|Any CPU
		{FCF2BEB7-2283-4484-BE63-99F95885F055}.Debug|x64.Build.0 = Debug|Any CPU
		{FCF2BEB7-2283-4484-BE63-99F95885F055}.Debug|x86.ActiveCfg = Debug|Any CPU
		{FCF2BEB7-2283-4484-BE63-99F95885F055}.Debug|x86.Build.0 = Debug|Any CPU
		{FCF2BEB7-2283-4484-BE63-99F95885F055}.Release|Any CPU.ActiveCfg = Release|Any CPU
		{FCF2BEB7-2283-4484-BE63-99F95885F055}.Release|Any CPU.Build.0 = Release|Any CPU
		{FCF2BEB7-2283-4484-BE63-99F95885F055}.Release|ARM.ActiveCfg = Release|Any CPU
		{FCF2BEB7-2283-4484-BE63-99F95885F055}.Release|ARM.Build.0 = Release|Any CPU
		{FCF2BEB7-2283-4484-BE63-99F95885F055}.Release|iPhone.ActiveCfg = Release|Any CPU
		{FCF2BEB7-2283-4484-BE63-99F95885F055}.Release|iPhone.Build.0 = Release|Any CPU
		{FCF2BEB7-2283-4484-BE63-99F95885F055}.Release|iPhoneSimulator.ActiveCfg = Release|Any CPU
		{FCF2BEB7-2283-4484-BE63-99F95885F055}.Release|iPhoneSimulator.Build.0 = Release|Any CPU
		{FCF2BEB7-2283-4484-BE63-99F95885F055}.Release|x64.ActiveCfg = Release|Any CPU
		{FCF2BEB7-2283-4484-BE63-99F95885F055}.Release|x64.Build.0 = Release|Any CPU
		{FCF2BEB7-2283-4484-BE63-99F95885F055}.Release|x86.ActiveCfg = Release|Any CPU
		{FCF2BEB7-2283-4484-BE63-99F95885F055}.Release|x86.Build.0 = Release|Any CPU
		{05E24504-78EA-44B0-BD3A-45CBD40E32DC}.Ad-Hoc|Any CPU.ActiveCfg = Release|Any CPU
		{05E24504-78EA-44B0-BD3A-45CBD40E32DC}.Ad-Hoc|Any CPU.Build.0 = Release|Any CPU
		{05E24504-78EA-44B0-BD3A-45CBD40E32DC}.Ad-Hoc|ARM.ActiveCfg = Release|Any CPU
		{05E24504-78EA-44B0-BD3A-45CBD40E32DC}.Ad-Hoc|ARM.Build.0 = Release|Any CPU
		{05E24504-78EA-44B0-BD3A-45CBD40E32DC}.Ad-Hoc|iPhone.ActiveCfg = Release|Any CPU
		{05E24504-78EA-44B0-BD3A-45CBD40E32DC}.Ad-Hoc|iPhone.Build.0 = Release|Any CPU
		{05E24504-78EA-44B0-BD3A-45CBD40E32DC}.Ad-Hoc|iPhoneSimulator.ActiveCfg = Release|Any CPU
		{05E24504-78EA-44B0-BD3A-45CBD40E32DC}.Ad-Hoc|iPhoneSimulator.Build.0 = Release|Any CPU
		{05E24504-78EA-44B0-BD3A-45CBD40E32DC}.Ad-Hoc|x64.ActiveCfg = Release|Any CPU
		{05E24504-78EA-44B0-BD3A-45CBD40E32DC}.Ad-Hoc|x64.Build.0 = Release|Any CPU
		{05E24504-78EA-44B0-BD3A-45CBD40E32DC}.Ad-Hoc|x86.ActiveCfg = Release|Any CPU
		{05E24504-78EA-44B0-BD3A-45CBD40E32DC}.Ad-Hoc|x86.Build.0 = Release|Any CPU
		{05E24504-78EA-44B0-BD3A-45CBD40E32DC}.AppStore|Any CPU.ActiveCfg = Release|Any CPU
		{05E24504-78EA-44B0-BD3A-45CBD40E32DC}.AppStore|Any CPU.Build.0 = Release|Any CPU
		{05E24504-78EA-44B0-BD3A-45CBD40E32DC}.AppStore|ARM.ActiveCfg = Release|Any CPU
		{05E24504-78EA-44B0-BD3A-45CBD40E32DC}.AppStore|ARM.Build.0 = Release|Any CPU
		{05E24504-78EA-44B0-BD3A-45CBD40E32DC}.AppStore|iPhone.ActiveCfg = Release|Any CPU
		{05E24504-78EA-44B0-BD3A-45CBD40E32DC}.AppStore|iPhone.Build.0 = Release|Any CPU
		{05E24504-78EA-44B0-BD3A-45CBD40E32DC}.AppStore|iPhoneSimulator.ActiveCfg = Release|Any CPU
		{05E24504-78EA-44B0-BD3A-45CBD40E32DC}.AppStore|iPhoneSimulator.Build.0 = Release|Any CPU
		{05E24504-78EA-44B0-BD3A-45CBD40E32DC}.AppStore|x64.ActiveCfg = Release|Any CPU
		{05E24504-78EA-44B0-BD3A-45CBD40E32DC}.AppStore|x64.Build.0 = Release|Any CPU
		{05E24504-78EA-44B0-BD3A-45CBD40E32DC}.AppStore|x86.ActiveCfg = Release|Any CPU
		{05E24504-78EA-44B0-BD3A-45CBD40E32DC}.AppStore|x86.Build.0 = Release|Any CPU
		{05E24504-78EA-44B0-BD3A-45CBD40E32DC}.Debug|Any CPU.ActiveCfg = Debug|Any CPU
		{05E24504-78EA-44B0-BD3A-45CBD40E32DC}.Debug|Any CPU.Build.0 = Debug|Any CPU
		{05E24504-78EA-44B0-BD3A-45CBD40E32DC}.Debug|ARM.ActiveCfg = Debug|Any CPU
		{05E24504-78EA-44B0-BD3A-45CBD40E32DC}.Debug|ARM.Build.0 = Debug|Any CPU
		{05E24504-78EA-44B0-BD3A-45CBD40E32DC}.Debug|iPhone.ActiveCfg = Debug|Any CPU
		{05E24504-78EA-44B0-BD3A-45CBD40E32DC}.Debug|iPhone.Build.0 = Debug|Any CPU
		{05E24504-78EA-44B0-BD3A-45CBD40E32DC}.Debug|iPhoneSimulator.ActiveCfg = Debug|Any CPU
		{05E24504-78EA-44B0-BD3A-45CBD40E32DC}.Debug|iPhoneSimulator.Build.0 = Debug|Any CPU
		{05E24504-78EA-44B0-BD3A-45CBD40E32DC}.Debug|x64.ActiveCfg = Debug|Any CPU
		{05E24504-78EA-44B0-BD3A-45CBD40E32DC}.Debug|x64.Build.0 = Debug|Any CPU
		{05E24504-78EA-44B0-BD3A-45CBD40E32DC}.Debug|x86.ActiveCfg = Debug|Any CPU
		{05E24504-78EA-44B0-BD3A-45CBD40E32DC}.Debug|x86.Build.0 = Debug|Any CPU
		{05E24504-78EA-44B0-BD3A-45CBD40E32DC}.Release|Any CPU.ActiveCfg = Release|Any CPU
		{05E24504-78EA-44B0-BD3A-45CBD40E32DC}.Release|Any CPU.Build.0 = Release|Any CPU
		{05E24504-78EA-44B0-BD3A-45CBD40E32DC}.Release|ARM.ActiveCfg = Release|Any CPU
		{05E24504-78EA-44B0-BD3A-45CBD40E32DC}.Release|ARM.Build.0 = Release|Any CPU
		{05E24504-78EA-44B0-BD3A-45CBD40E32DC}.Release|iPhone.ActiveCfg = Release|Any CPU
		{05E24504-78EA-44B0-BD3A-45CBD40E32DC}.Release|iPhone.Build.0 = Release|Any CPU
		{05E24504-78EA-44B0-BD3A-45CBD40E32DC}.Release|iPhoneSimulator.ActiveCfg = Release|Any CPU
		{05E24504-78EA-44B0-BD3A-45CBD40E32DC}.Release|iPhoneSimulator.Build.0 = Release|Any CPU
		{05E24504-78EA-44B0-BD3A-45CBD40E32DC}.Release|x64.ActiveCfg = Release|Any CPU
		{05E24504-78EA-44B0-BD3A-45CBD40E32DC}.Release|x64.Build.0 = Release|Any CPU
		{05E24504-78EA-44B0-BD3A-45CBD40E32DC}.Release|x86.ActiveCfg = Release|Any CPU
		{05E24504-78EA-44B0-BD3A-45CBD40E32DC}.Release|x86.Build.0 = Release|Any CPU
		{03A6EC6B-2FF0-4528-9757-59D0646384AE}.Ad-Hoc|Any CPU.ActiveCfg = Release|Any CPU
		{03A6EC6B-2FF0-4528-9757-59D0646384AE}.Ad-Hoc|Any CPU.Build.0 = Release|Any CPU
		{03A6EC6B-2FF0-4528-9757-59D0646384AE}.Ad-Hoc|ARM.ActiveCfg = Release|Any CPU
		{03A6EC6B-2FF0-4528-9757-59D0646384AE}.Ad-Hoc|ARM.Build.0 = Release|Any CPU
		{03A6EC6B-2FF0-4528-9757-59D0646384AE}.Ad-Hoc|iPhone.ActiveCfg = Release|Any CPU
		{03A6EC6B-2FF0-4528-9757-59D0646384AE}.Ad-Hoc|iPhone.Build.0 = Release|Any CPU
		{03A6EC6B-2FF0-4528-9757-59D0646384AE}.Ad-Hoc|iPhoneSimulator.ActiveCfg = Release|Any CPU
		{03A6EC6B-2FF0-4528-9757-59D0646384AE}.Ad-Hoc|iPhoneSimulator.Build.0 = Release|Any CPU
		{03A6EC6B-2FF0-4528-9757-59D0646384AE}.Ad-Hoc|x64.ActiveCfg = Release|Any CPU
		{03A6EC6B-2FF0-4528-9757-59D0646384AE}.Ad-Hoc|x64.Build.0 = Release|Any CPU
		{03A6EC6B-2FF0-4528-9757-59D0646384AE}.Ad-Hoc|x86.ActiveCfg = Release|Any CPU
		{03A6EC6B-2FF0-4528-9757-59D0646384AE}.Ad-Hoc|x86.Build.0 = Release|Any CPU
		{03A6EC6B-2FF0-4528-9757-59D0646384AE}.AppStore|Any CPU.ActiveCfg = Release|Any CPU
		{03A6EC6B-2FF0-4528-9757-59D0646384AE}.AppStore|Any CPU.Build.0 = Release|Any CPU
		{03A6EC6B-2FF0-4528-9757-59D0646384AE}.AppStore|ARM.ActiveCfg = Release|Any CPU
		{03A6EC6B-2FF0-4528-9757-59D0646384AE}.AppStore|ARM.Build.0 = Release|Any CPU
		{03A6EC6B-2FF0-4528-9757-59D0646384AE}.AppStore|iPhone.ActiveCfg = Release|Any CPU
		{03A6EC6B-2FF0-4528-9757-59D0646384AE}.AppStore|iPhone.Build.0 = Release|Any CPU
		{03A6EC6B-2FF0-4528-9757-59D0646384AE}.AppStore|iPhoneSimulator.ActiveCfg = Release|Any CPU
		{03A6EC6B-2FF0-4528-9757-59D0646384AE}.AppStore|iPhoneSimulator.Build.0 = Release|Any CPU
		{03A6EC6B-2FF0-4528-9757-59D0646384AE}.AppStore|x64.ActiveCfg = Release|Any CPU
		{03A6EC6B-2FF0-4528-9757-59D0646384AE}.AppStore|x64.Build.0 = Release|Any CPU
		{03A6EC6B-2FF0-4528-9757-59D0646384AE}.AppStore|x86.ActiveCfg = Release|Any CPU
		{03A6EC6B-2FF0-4528-9757-59D0646384AE}.AppStore|x86.Build.0 = Release|Any CPU
		{03A6EC6B-2FF0-4528-9757-59D0646384AE}.Debug|Any CPU.ActiveCfg = Debug|Any CPU
		{03A6EC6B-2FF0-4528-9757-59D0646384AE}.Debug|Any CPU.Build.0 = Debug|Any CPU
		{03A6EC6B-2FF0-4528-9757-59D0646384AE}.Debug|ARM.ActiveCfg = Debug|Any CPU
		{03A6EC6B-2FF0-4528-9757-59D0646384AE}.Debug|ARM.Build.0 = Debug|Any CPU
		{03A6EC6B-2FF0-4528-9757-59D0646384AE}.Debug|iPhone.ActiveCfg = Debug|Any CPU
		{03A6EC6B-2FF0-4528-9757-59D0646384AE}.Debug|iPhone.Build.0 = Debug|Any CPU
		{03A6EC6B-2FF0-4528-9757-59D0646384AE}.Debug|iPhoneSimulator.ActiveCfg = Debug|Any CPU
		{03A6EC6B-2FF0-4528-9757-59D0646384AE}.Debug|iPhoneSimulator.Build.0 = Debug|Any CPU
		{03A6EC6B-2FF0-4528-9757-59D0646384AE}.Debug|x64.ActiveCfg = Debug|Any CPU
		{03A6EC6B-2FF0-4528-9757-59D0646384AE}.Debug|x64.Build.0 = Debug|Any CPU
		{03A6EC6B-2FF0-4528-9757-59D0646384AE}.Debug|x86.ActiveCfg = Debug|Any CPU
		{03A6EC6B-2FF0-4528-9757-59D0646384AE}.Debug|x86.Build.0 = Debug|Any CPU
		{03A6EC6B-2FF0-4528-9757-59D0646384AE}.Release|Any CPU.ActiveCfg = Release|Any CPU
		{03A6EC6B-2FF0-4528-9757-59D0646384AE}.Release|Any CPU.Build.0 = Release|Any CPU
		{03A6EC6B-2FF0-4528-9757-59D0646384AE}.Release|ARM.ActiveCfg = Release|Any CPU
		{03A6EC6B-2FF0-4528-9757-59D0646384AE}.Release|ARM.Build.0 = Release|Any CPU
		{03A6EC6B-2FF0-4528-9757-59D0646384AE}.Release|iPhone.ActiveCfg = Release|Any CPU
		{03A6EC6B-2FF0-4528-9757-59D0646384AE}.Release|iPhone.Build.0 = Release|Any CPU
		{03A6EC6B-2FF0-4528-9757-59D0646384AE}.Release|iPhoneSimulator.ActiveCfg = Release|Any CPU
		{03A6EC6B-2FF0-4528-9757-59D0646384AE}.Release|iPhoneSimulator.Build.0 = Release|Any CPU
		{03A6EC6B-2FF0-4528-9757-59D0646384AE}.Release|x64.ActiveCfg = Release|Any CPU
		{03A6EC6B-2FF0-4528-9757-59D0646384AE}.Release|x64.Build.0 = Release|Any CPU
		{03A6EC6B-2FF0-4528-9757-59D0646384AE}.Release|x86.ActiveCfg = Release|Any CPU
		{03A6EC6B-2FF0-4528-9757-59D0646384AE}.Release|x86.Build.0 = Release|Any CPU
		{B464A0C0-0752-40D3-B80F-6EAB39A04776}.Ad-Hoc|Any CPU.ActiveCfg = Release|Any CPU
		{B464A0C0-0752-40D3-B80F-6EAB39A04776}.Ad-Hoc|Any CPU.Build.0 = Release|Any CPU
		{B464A0C0-0752-40D3-B80F-6EAB39A04776}.Ad-Hoc|ARM.ActiveCfg = Release|Any CPU
		{B464A0C0-0752-40D3-B80F-6EAB39A04776}.Ad-Hoc|ARM.Build.0 = Release|Any CPU
		{B464A0C0-0752-40D3-B80F-6EAB39A04776}.Ad-Hoc|iPhone.ActiveCfg = Release|Any CPU
		{B464A0C0-0752-40D3-B80F-6EAB39A04776}.Ad-Hoc|iPhone.Build.0 = Release|Any CPU
		{B464A0C0-0752-40D3-B80F-6EAB39A04776}.Ad-Hoc|iPhoneSimulator.ActiveCfg = Release|Any CPU
		{B464A0C0-0752-40D3-B80F-6EAB39A04776}.Ad-Hoc|iPhoneSimulator.Build.0 = Release|Any CPU
		{B464A0C0-0752-40D3-B80F-6EAB39A04776}.Ad-Hoc|x64.ActiveCfg = Release|Any CPU
		{B464A0C0-0752-40D3-B80F-6EAB39A04776}.Ad-Hoc|x64.Build.0 = Release|Any CPU
		{B464A0C0-0752-40D3-B80F-6EAB39A04776}.Ad-Hoc|x86.ActiveCfg = Release|Any CPU
		{B464A0C0-0752-40D3-B80F-6EAB39A04776}.Ad-Hoc|x86.Build.0 = Release|Any CPU
		{B464A0C0-0752-40D3-B80F-6EAB39A04776}.AppStore|Any CPU.ActiveCfg = Release|Any CPU
		{B464A0C0-0752-40D3-B80F-6EAB39A04776}.AppStore|Any CPU.Build.0 = Release|Any CPU
		{B464A0C0-0752-40D3-B80F-6EAB39A04776}.AppStore|ARM.ActiveCfg = Release|Any CPU
		{B464A0C0-0752-40D3-B80F-6EAB39A04776}.AppStore|ARM.Build.0 = Release|Any CPU
		{B464A0C0-0752-40D3-B80F-6EAB39A04776}.AppStore|iPhone.ActiveCfg = Release|Any CPU
		{B464A0C0-0752-40D3-B80F-6EAB39A04776}.AppStore|iPhone.Build.0 = Release|Any CPU
		{B464A0C0-0752-40D3-B80F-6EAB39A04776}.AppStore|iPhoneSimulator.ActiveCfg = Release|Any CPU
		{B464A0C0-0752-40D3-B80F-6EAB39A04776}.AppStore|iPhoneSimulator.Build.0 = Release|Any CPU
		{B464A0C0-0752-40D3-B80F-6EAB39A04776}.AppStore|x64.ActiveCfg = Release|Any CPU
		{B464A0C0-0752-40D3-B80F-6EAB39A04776}.AppStore|x64.Build.0 = Release|Any CPU
		{B464A0C0-0752-40D3-B80F-6EAB39A04776}.AppStore|x86.ActiveCfg = Release|Any CPU
		{B464A0C0-0752-40D3-B80F-6EAB39A04776}.AppStore|x86.Build.0 = Release|Any CPU
		{B464A0C0-0752-40D3-B80F-6EAB39A04776}.Debug|Any CPU.ActiveCfg = Debug|Any CPU
		{B464A0C0-0752-40D3-B80F-6EAB39A04776}.Debug|Any CPU.Build.0 = Debug|Any CPU
		{B464A0C0-0752-40D3-B80F-6EAB39A04776}.Debug|ARM.ActiveCfg = Debug|Any CPU
		{B464A0C0-0752-40D3-B80F-6EAB39A04776}.Debug|ARM.Build.0 = Debug|Any CPU
		{B464A0C0-0752-40D3-B80F-6EAB39A04776}.Debug|iPhone.ActiveCfg = Debug|Any CPU
		{B464A0C0-0752-40D3-B80F-6EAB39A04776}.Debug|iPhone.Build.0 = Debug|Any CPU
		{B464A0C0-0752-40D3-B80F-6EAB39A04776}.Debug|iPhoneSimulator.ActiveCfg = Debug|Any CPU
		{B464A0C0-0752-40D3-B80F-6EAB39A04776}.Debug|iPhoneSimulator.Build.0 = Debug|Any CPU
		{B464A0C0-0752-40D3-B80F-6EAB39A04776}.Debug|x64.ActiveCfg = Debug|Any CPU
		{B464A0C0-0752-40D3-B80F-6EAB39A04776}.Debug|x64.Build.0 = Debug|Any CPU
		{B464A0C0-0752-40D3-B80F-6EAB39A04776}.Debug|x86.ActiveCfg = Debug|Any CPU
		{B464A0C0-0752-40D3-B80F-6EAB39A04776}.Debug|x86.Build.0 = Debug|Any CPU
		{B464A0C0-0752-40D3-B80F-6EAB39A04776}.Release|Any CPU.ActiveCfg = Release|Any CPU
		{B464A0C0-0752-40D3-B80F-6EAB39A04776}.Release|Any CPU.Build.0 = Release|Any CPU
		{B464A0C0-0752-40D3-B80F-6EAB39A04776}.Release|ARM.ActiveCfg = Release|Any CPU
		{B464A0C0-0752-40D3-B80F-6EAB39A04776}.Release|ARM.Build.0 = Release|Any CPU
		{B464A0C0-0752-40D3-B80F-6EAB39A04776}.Release|iPhone.ActiveCfg = Release|Any CPU
		{B464A0C0-0752-40D3-B80F-6EAB39A04776}.Release|iPhone.Build.0 = Release|Any CPU
		{B464A0C0-0752-40D3-B80F-6EAB39A04776}.Release|iPhoneSimulator.ActiveCfg = Release|Any CPU
		{B464A0C0-0752-40D3-B80F-6EAB39A04776}.Release|iPhoneSimulator.Build.0 = Release|Any CPU
		{B464A0C0-0752-40D3-B80F-6EAB39A04776}.Release|x64.ActiveCfg = Release|Any CPU
		{B464A0C0-0752-40D3-B80F-6EAB39A04776}.Release|x64.Build.0 = Release|Any CPU
		{B464A0C0-0752-40D3-B80F-6EAB39A04776}.Release|x86.ActiveCfg = Release|Any CPU
		{B464A0C0-0752-40D3-B80F-6EAB39A04776}.Release|x86.Build.0 = Release|Any CPU
		{A252D430-FE08-4089-8F72-5BA1CECFD130}.Ad-Hoc|Any CPU.ActiveCfg = Release|Any CPU
		{A252D430-FE08-4089-8F72-5BA1CECFD130}.Ad-Hoc|Any CPU.Build.0 = Release|Any CPU
		{A252D430-FE08-4089-8F72-5BA1CECFD130}.Ad-Hoc|ARM.ActiveCfg = Release|Any CPU
		{A252D430-FE08-4089-8F72-5BA1CECFD130}.Ad-Hoc|ARM.Build.0 = Release|Any CPU
		{A252D430-FE08-4089-8F72-5BA1CECFD130}.Ad-Hoc|iPhone.ActiveCfg = Release|Any CPU
		{A252D430-FE08-4089-8F72-5BA1CECFD130}.Ad-Hoc|iPhone.Build.0 = Release|Any CPU
		{A252D430-FE08-4089-8F72-5BA1CECFD130}.Ad-Hoc|iPhoneSimulator.ActiveCfg = Release|Any CPU
		{A252D430-FE08-4089-8F72-5BA1CECFD130}.Ad-Hoc|iPhoneSimulator.Build.0 = Release|Any CPU
		{A252D430-FE08-4089-8F72-5BA1CECFD130}.Ad-Hoc|x64.ActiveCfg = Release|Any CPU
		{A252D430-FE08-4089-8F72-5BA1CECFD130}.Ad-Hoc|x64.Build.0 = Release|Any CPU
		{A252D430-FE08-4089-8F72-5BA1CECFD130}.Ad-Hoc|x86.ActiveCfg = Release|Any CPU
		{A252D430-FE08-4089-8F72-5BA1CECFD130}.Ad-Hoc|x86.Build.0 = Release|Any CPU
		{A252D430-FE08-4089-8F72-5BA1CECFD130}.AppStore|Any CPU.ActiveCfg = Release|Any CPU
		{A252D430-FE08-4089-8F72-5BA1CECFD130}.AppStore|Any CPU.Build.0 = Release|Any CPU
		{A252D430-FE08-4089-8F72-5BA1CECFD130}.AppStore|ARM.ActiveCfg = Release|Any CPU
		{A252D430-FE08-4089-8F72-5BA1CECFD130}.AppStore|ARM.Build.0 = Release|Any CPU
		{A252D430-FE08-4089-8F72-5BA1CECFD130}.AppStore|iPhone.ActiveCfg = Release|Any CPU
		{A252D430-FE08-4089-8F72-5BA1CECFD130}.AppStore|iPhone.Build.0 = Release|Any CPU
		{A252D430-FE08-4089-8F72-5BA1CECFD130}.AppStore|iPhoneSimulator.ActiveCfg = Release|Any CPU
		{A252D430-FE08-4089-8F72-5BA1CECFD130}.AppStore|iPhoneSimulator.Build.0 = Release|Any CPU
		{A252D430-FE08-4089-8F72-5BA1CECFD130}.AppStore|x64.ActiveCfg = Release|Any CPU
		{A252D430-FE08-4089-8F72-5BA1CECFD130}.AppStore|x64.Build.0 = Release|Any CPU
		{A252D430-FE08-4089-8F72-5BA1CECFD130}.AppStore|x86.ActiveCfg = Release|Any CPU
		{A252D430-FE08-4089-8F72-5BA1CECFD130}.AppStore|x86.Build.0 = Release|Any CPU
		{A252D430-FE08-4089-8F72-5BA1CECFD130}.Debug|Any CPU.ActiveCfg = Debug|Any CPU
		{A252D430-FE08-4089-8F72-5BA1CECFD130}.Debug|Any CPU.Build.0 = Debug|Any CPU
		{A252D430-FE08-4089-8F72-5BA1CECFD130}.Debug|ARM.ActiveCfg = Debug|Any CPU
		{A252D430-FE08-4089-8F72-5BA1CECFD130}.Debug|ARM.Build.0 = Debug|Any CPU
		{A252D430-FE08-4089-8F72-5BA1CECFD130}.Debug|iPhone.ActiveCfg = Debug|Any CPU
		{A252D430-FE08-4089-8F72-5BA1CECFD130}.Debug|iPhone.Build.0 = Debug|Any CPU
		{A252D430-FE08-4089-8F72-5BA1CECFD130}.Debug|iPhoneSimulator.ActiveCfg = Debug|Any CPU
		{A252D430-FE08-4089-8F72-5BA1CECFD130}.Debug|iPhoneSimulator.Build.0 = Debug|Any CPU
		{A252D430-FE08-4089-8F72-5BA1CECFD130}.Debug|x64.ActiveCfg = Debug|Any CPU
		{A252D430-FE08-4089-8F72-5BA1CECFD130}.Debug|x64.Build.0 = Debug|Any CPU
		{A252D430-FE08-4089-8F72-5BA1CECFD130}.Debug|x86.ActiveCfg = Debug|Any CPU
		{A252D430-FE08-4089-8F72-5BA1CECFD130}.Debug|x86.Build.0 = Debug|Any CPU
		{A252D430-FE08-4089-8F72-5BA1CECFD130}.Release|Any CPU.ActiveCfg = Release|Any CPU
		{A252D430-FE08-4089-8F72-5BA1CECFD130}.Release|Any CPU.Build.0 = Release|Any CPU
		{A252D430-FE08-4089-8F72-5BA1CECFD130}.Release|ARM.ActiveCfg = Release|Any CPU
		{A252D430-FE08-4089-8F72-5BA1CECFD130}.Release|ARM.Build.0 = Release|Any CPU
		{A252D430-FE08-4089-8F72-5BA1CECFD130}.Release|iPhone.ActiveCfg = Release|Any CPU
		{A252D430-FE08-4089-8F72-5BA1CECFD130}.Release|iPhone.Build.0 = Release|Any CPU
		{A252D430-FE08-4089-8F72-5BA1CECFD130}.Release|iPhoneSimulator.ActiveCfg = Release|Any CPU
		{A252D430-FE08-4089-8F72-5BA1CECFD130}.Release|iPhoneSimulator.Build.0 = Release|Any CPU
		{A252D430-FE08-4089-8F72-5BA1CECFD130}.Release|x64.ActiveCfg = Release|Any CPU
		{A252D430-FE08-4089-8F72-5BA1CECFD130}.Release|x64.Build.0 = Release|Any CPU
		{A252D430-FE08-4089-8F72-5BA1CECFD130}.Release|x86.ActiveCfg = Release|Any CPU
		{A252D430-FE08-4089-8F72-5BA1CECFD130}.Release|x86.Build.0 = Release|Any CPU
		{5FE34366-444F-4711-A337-34E52A4E9116}.Ad-Hoc|Any CPU.ActiveCfg = Release|Any CPU
		{5FE34366-444F-4711-A337-34E52A4E9116}.Ad-Hoc|Any CPU.Build.0 = Release|Any CPU
		{5FE34366-444F-4711-A337-34E52A4E9116}.Ad-Hoc|ARM.ActiveCfg = Release|ARM
		{5FE34366-444F-4711-A337-34E52A4E9116}.Ad-Hoc|ARM.Build.0 = Release|ARM
		{5FE34366-444F-4711-A337-34E52A4E9116}.Ad-Hoc|iPhone.ActiveCfg = Release|Any CPU
		{5FE34366-444F-4711-A337-34E52A4E9116}.Ad-Hoc|iPhone.Build.0 = Release|Any CPU
		{5FE34366-444F-4711-A337-34E52A4E9116}.Ad-Hoc|iPhoneSimulator.ActiveCfg = Release|Any CPU
		{5FE34366-444F-4711-A337-34E52A4E9116}.Ad-Hoc|iPhoneSimulator.Build.0 = Release|Any CPU
		{5FE34366-444F-4711-A337-34E52A4E9116}.Ad-Hoc|x64.ActiveCfg = Release|x64
		{5FE34366-444F-4711-A337-34E52A4E9116}.Ad-Hoc|x64.Build.0 = Release|x64
		{5FE34366-444F-4711-A337-34E52A4E9116}.Ad-Hoc|x86.ActiveCfg = Release|x86
		{5FE34366-444F-4711-A337-34E52A4E9116}.Ad-Hoc|x86.Build.0 = Release|x86
		{5FE34366-444F-4711-A337-34E52A4E9116}.AppStore|Any CPU.ActiveCfg = Release|Any CPU
		{5FE34366-444F-4711-A337-34E52A4E9116}.AppStore|Any CPU.Build.0 = Release|Any CPU
		{5FE34366-444F-4711-A337-34E52A4E9116}.AppStore|ARM.ActiveCfg = Release|ARM
		{5FE34366-444F-4711-A337-34E52A4E9116}.AppStore|ARM.Build.0 = Release|ARM
		{5FE34366-444F-4711-A337-34E52A4E9116}.AppStore|iPhone.ActiveCfg = Release|Any CPU
		{5FE34366-444F-4711-A337-34E52A4E9116}.AppStore|iPhone.Build.0 = Release|Any CPU
		{5FE34366-444F-4711-A337-34E52A4E9116}.AppStore|iPhoneSimulator.ActiveCfg = Release|Any CPU
		{5FE34366-444F-4711-A337-34E52A4E9116}.AppStore|iPhoneSimulator.Build.0 = Release|Any CPU
		{5FE34366-444F-4711-A337-34E52A4E9116}.AppStore|x64.ActiveCfg = Release|x64
		{5FE34366-444F-4711-A337-34E52A4E9116}.AppStore|x64.Build.0 = Release|x64
		{5FE34366-444F-4711-A337-34E52A4E9116}.AppStore|x86.ActiveCfg = Release|x86
		{5FE34366-444F-4711-A337-34E52A4E9116}.AppStore|x86.Build.0 = Release|x86
		{5FE34366-444F-4711-A337-34E52A4E9116}.Debug|Any CPU.ActiveCfg = Debug|Any CPU
		{5FE34366-444F-4711-A337-34E52A4E9116}.Debug|Any CPU.Build.0 = Debug|Any CPU
		{5FE34366-444F-4711-A337-34E52A4E9116}.Debug|ARM.ActiveCfg = Debug|ARM
		{5FE34366-444F-4711-A337-34E52A4E9116}.Debug|ARM.Build.0 = Debug|ARM
		{5FE34366-444F-4711-A337-34E52A4E9116}.Debug|iPhone.ActiveCfg = Debug|Any CPU
		{5FE34366-444F-4711-A337-34E52A4E9116}.Debug|iPhone.Build.0 = Debug|Any CPU
		{5FE34366-444F-4711-A337-34E52A4E9116}.Debug|iPhoneSimulator.ActiveCfg = Debug|Any CPU
		{5FE34366-444F-4711-A337-34E52A4E9116}.Debug|iPhoneSimulator.Build.0 = Debug|Any CPU
		{5FE34366-444F-4711-A337-34E52A4E9116}.Debug|x64.ActiveCfg = Debug|x64
		{5FE34366-444F-4711-A337-34E52A4E9116}.Debug|x64.Build.0 = Debug|x64
		{5FE34366-444F-4711-A337-34E52A4E9116}.Debug|x86.ActiveCfg = Debug|x86
		{5FE34366-444F-4711-A337-34E52A4E9116}.Debug|x86.Build.0 = Debug|x86
		{5FE34366-444F-4711-A337-34E52A4E9116}.Release|Any CPU.ActiveCfg = Release|Any CPU
		{5FE34366-444F-4711-A337-34E52A4E9116}.Release|Any CPU.Build.0 = Release|Any CPU
		{5FE34366-444F-4711-A337-34E52A4E9116}.Release|ARM.ActiveCfg = Release|ARM
		{5FE34366-444F-4711-A337-34E52A4E9116}.Release|ARM.Build.0 = Release|ARM
		{5FE34366-444F-4711-A337-34E52A4E9116}.Release|iPhone.ActiveCfg = Release|Any CPU
		{5FE34366-444F-4711-A337-34E52A4E9116}.Release|iPhone.Build.0 = Release|Any CPU
		{5FE34366-444F-4711-A337-34E52A4E9116}.Release|iPhoneSimulator.ActiveCfg = Release|Any CPU
		{5FE34366-444F-4711-A337-34E52A4E9116}.Release|iPhoneSimulator.Build.0 = Release|Any CPU
		{5FE34366-444F-4711-A337-34E52A4E9116}.Release|x64.ActiveCfg = Release|x64
		{5FE34366-444F-4711-A337-34E52A4E9116}.Release|x64.Build.0 = Release|x64
		{5FE34366-444F-4711-A337-34E52A4E9116}.Release|x86.ActiveCfg = Release|x86
		{5FE34366-444F-4711-A337-34E52A4E9116}.Release|x86.Build.0 = Release|x86
		{72B8B46A-6304-4BC3-90DA-817EF3F0BC2C}.Ad-Hoc|Any CPU.ActiveCfg = Release|Any CPU
		{72B8B46A-6304-4BC3-90DA-817EF3F0BC2C}.Ad-Hoc|Any CPU.Build.0 = Release|Any CPU
		{72B8B46A-6304-4BC3-90DA-817EF3F0BC2C}.Ad-Hoc|Any CPU.Deploy.0 = Release|Any CPU
		{72B8B46A-6304-4BC3-90DA-817EF3F0BC2C}.Ad-Hoc|ARM.ActiveCfg = Release|Any CPU
		{72B8B46A-6304-4BC3-90DA-817EF3F0BC2C}.Ad-Hoc|ARM.Build.0 = Release|Any CPU
		{72B8B46A-6304-4BC3-90DA-817EF3F0BC2C}.Ad-Hoc|ARM.Deploy.0 = Release|Any CPU
		{72B8B46A-6304-4BC3-90DA-817EF3F0BC2C}.Ad-Hoc|iPhone.ActiveCfg = Release|Any CPU
		{72B8B46A-6304-4BC3-90DA-817EF3F0BC2C}.Ad-Hoc|iPhone.Build.0 = Release|Any CPU
		{72B8B46A-6304-4BC3-90DA-817EF3F0BC2C}.Ad-Hoc|iPhone.Deploy.0 = Release|Any CPU
		{72B8B46A-6304-4BC3-90DA-817EF3F0BC2C}.Ad-Hoc|iPhoneSimulator.ActiveCfg = Release|Any CPU
		{72B8B46A-6304-4BC3-90DA-817EF3F0BC2C}.Ad-Hoc|iPhoneSimulator.Build.0 = Release|Any CPU
		{72B8B46A-6304-4BC3-90DA-817EF3F0BC2C}.Ad-Hoc|iPhoneSimulator.Deploy.0 = Release|Any CPU
		{72B8B46A-6304-4BC3-90DA-817EF3F0BC2C}.Ad-Hoc|x64.ActiveCfg = Release|Any CPU
		{72B8B46A-6304-4BC3-90DA-817EF3F0BC2C}.Ad-Hoc|x64.Build.0 = Release|Any CPU
		{72B8B46A-6304-4BC3-90DA-817EF3F0BC2C}.Ad-Hoc|x64.Deploy.0 = Release|Any CPU
		{72B8B46A-6304-4BC3-90DA-817EF3F0BC2C}.Ad-Hoc|x86.ActiveCfg = Release|Any CPU
		{72B8B46A-6304-4BC3-90DA-817EF3F0BC2C}.Ad-Hoc|x86.Build.0 = Release|Any CPU
		{72B8B46A-6304-4BC3-90DA-817EF3F0BC2C}.Ad-Hoc|x86.Deploy.0 = Release|Any CPU
		{72B8B46A-6304-4BC3-90DA-817EF3F0BC2C}.AppStore|Any CPU.ActiveCfg = Release|Any CPU
		{72B8B46A-6304-4BC3-90DA-817EF3F0BC2C}.AppStore|Any CPU.Build.0 = Release|Any CPU
		{72B8B46A-6304-4BC3-90DA-817EF3F0BC2C}.AppStore|Any CPU.Deploy.0 = Release|Any CPU
		{72B8B46A-6304-4BC3-90DA-817EF3F0BC2C}.AppStore|ARM.ActiveCfg = Release|Any CPU
		{72B8B46A-6304-4BC3-90DA-817EF3F0BC2C}.AppStore|ARM.Build.0 = Release|Any CPU
		{72B8B46A-6304-4BC3-90DA-817EF3F0BC2C}.AppStore|ARM.Deploy.0 = Release|Any CPU
		{72B8B46A-6304-4BC3-90DA-817EF3F0BC2C}.AppStore|iPhone.ActiveCfg = Release|Any CPU
		{72B8B46A-6304-4BC3-90DA-817EF3F0BC2C}.AppStore|iPhone.Build.0 = Release|Any CPU
		{72B8B46A-6304-4BC3-90DA-817EF3F0BC2C}.AppStore|iPhone.Deploy.0 = Release|Any CPU
		{72B8B46A-6304-4BC3-90DA-817EF3F0BC2C}.AppStore|iPhoneSimulator.ActiveCfg = Release|Any CPU
		{72B8B46A-6304-4BC3-90DA-817EF3F0BC2C}.AppStore|iPhoneSimulator.Build.0 = Release|Any CPU
		{72B8B46A-6304-4BC3-90DA-817EF3F0BC2C}.AppStore|iPhoneSimulator.Deploy.0 = Release|Any CPU
		{72B8B46A-6304-4BC3-90DA-817EF3F0BC2C}.AppStore|x64.ActiveCfg = Release|Any CPU
		{72B8B46A-6304-4BC3-90DA-817EF3F0BC2C}.AppStore|x64.Build.0 = Release|Any CPU
		{72B8B46A-6304-4BC3-90DA-817EF3F0BC2C}.AppStore|x64.Deploy.0 = Release|Any CPU
		{72B8B46A-6304-4BC3-90DA-817EF3F0BC2C}.AppStore|x86.ActiveCfg = Release|Any CPU
		{72B8B46A-6304-4BC3-90DA-817EF3F0BC2C}.AppStore|x86.Build.0 = Release|Any CPU
		{72B8B46A-6304-4BC3-90DA-817EF3F0BC2C}.AppStore|x86.Deploy.0 = Release|Any CPU
		{72B8B46A-6304-4BC3-90DA-817EF3F0BC2C}.Debug|Any CPU.ActiveCfg = Debug|Any CPU
		{72B8B46A-6304-4BC3-90DA-817EF3F0BC2C}.Debug|Any CPU.Build.0 = Debug|Any CPU
		{72B8B46A-6304-4BC3-90DA-817EF3F0BC2C}.Debug|Any CPU.Deploy.0 = Debug|Any CPU
		{72B8B46A-6304-4BC3-90DA-817EF3F0BC2C}.Debug|ARM.ActiveCfg = Debug|Any CPU
		{72B8B46A-6304-4BC3-90DA-817EF3F0BC2C}.Debug|ARM.Build.0 = Debug|Any CPU
		{72B8B46A-6304-4BC3-90DA-817EF3F0BC2C}.Debug|ARM.Deploy.0 = Debug|Any CPU
		{72B8B46A-6304-4BC3-90DA-817EF3F0BC2C}.Debug|iPhone.ActiveCfg = Debug|Any CPU
		{72B8B46A-6304-4BC3-90DA-817EF3F0BC2C}.Debug|iPhone.Build.0 = Debug|Any CPU
		{72B8B46A-6304-4BC3-90DA-817EF3F0BC2C}.Debug|iPhone.Deploy.0 = Debug|Any CPU
		{72B8B46A-6304-4BC3-90DA-817EF3F0BC2C}.Debug|iPhoneSimulator.ActiveCfg = Debug|Any CPU
		{72B8B46A-6304-4BC3-90DA-817EF3F0BC2C}.Debug|iPhoneSimulator.Build.0 = Debug|Any CPU
		{72B8B46A-6304-4BC3-90DA-817EF3F0BC2C}.Debug|iPhoneSimulator.Deploy.0 = Debug|Any CPU
		{72B8B46A-6304-4BC3-90DA-817EF3F0BC2C}.Debug|x64.ActiveCfg = Debug|Any CPU
		{72B8B46A-6304-4BC3-90DA-817EF3F0BC2C}.Debug|x64.Build.0 = Debug|Any CPU
		{72B8B46A-6304-4BC3-90DA-817EF3F0BC2C}.Debug|x64.Deploy.0 = Debug|Any CPU
		{72B8B46A-6304-4BC3-90DA-817EF3F0BC2C}.Debug|x86.ActiveCfg = Debug|Any CPU
		{72B8B46A-6304-4BC3-90DA-817EF3F0BC2C}.Debug|x86.Build.0 = Debug|Any CPU
		{72B8B46A-6304-4BC3-90DA-817EF3F0BC2C}.Debug|x86.Deploy.0 = Debug|Any CPU
		{72B8B46A-6304-4BC3-90DA-817EF3F0BC2C}.Release|Any CPU.ActiveCfg = Release|Any CPU
		{72B8B46A-6304-4BC3-90DA-817EF3F0BC2C}.Release|Any CPU.Build.0 = Release|Any CPU
		{72B8B46A-6304-4BC3-90DA-817EF3F0BC2C}.Release|Any CPU.Deploy.0 = Release|Any CPU
		{72B8B46A-6304-4BC3-90DA-817EF3F0BC2C}.Release|ARM.ActiveCfg = Release|Any CPU
		{72B8B46A-6304-4BC3-90DA-817EF3F0BC2C}.Release|ARM.Build.0 = Release|Any CPU
		{72B8B46A-6304-4BC3-90DA-817EF3F0BC2C}.Release|ARM.Deploy.0 = Release|Any CPU
		{72B8B46A-6304-4BC3-90DA-817EF3F0BC2C}.Release|iPhone.ActiveCfg = Release|Any CPU
		{72B8B46A-6304-4BC3-90DA-817EF3F0BC2C}.Release|iPhone.Build.0 = Release|Any CPU
		{72B8B46A-6304-4BC3-90DA-817EF3F0BC2C}.Release|iPhone.Deploy.0 = Release|Any CPU
		{72B8B46A-6304-4BC3-90DA-817EF3F0BC2C}.Release|iPhoneSimulator.ActiveCfg = Release|Any CPU
		{72B8B46A-6304-4BC3-90DA-817EF3F0BC2C}.Release|iPhoneSimulator.Build.0 = Release|Any CPU
		{72B8B46A-6304-4BC3-90DA-817EF3F0BC2C}.Release|iPhoneSimulator.Deploy.0 = Release|Any CPU
		{72B8B46A-6304-4BC3-90DA-817EF3F0BC2C}.Release|x64.ActiveCfg = Release|Any CPU
		{72B8B46A-6304-4BC3-90DA-817EF3F0BC2C}.Release|x64.Build.0 = Release|Any CPU
		{72B8B46A-6304-4BC3-90DA-817EF3F0BC2C}.Release|x64.Deploy.0 = Release|Any CPU
		{72B8B46A-6304-4BC3-90DA-817EF3F0BC2C}.Release|x86.ActiveCfg = Release|Any CPU
		{72B8B46A-6304-4BC3-90DA-817EF3F0BC2C}.Release|x86.Build.0 = Release|Any CPU
		{72B8B46A-6304-4BC3-90DA-817EF3F0BC2C}.Release|x86.Deploy.0 = Release|Any CPU
		{FED9DA99-98EE-4D91-9E46-355C5E434852}.Ad-Hoc|Any CPU.ActiveCfg = Release|Any CPU
		{FED9DA99-98EE-4D91-9E46-355C5E434852}.Ad-Hoc|Any CPU.Build.0 = Release|Any CPU
		{FED9DA99-98EE-4D91-9E46-355C5E434852}.Ad-Hoc|ARM.ActiveCfg = Release|Any CPU
		{FED9DA99-98EE-4D91-9E46-355C5E434852}.Ad-Hoc|ARM.Build.0 = Release|Any CPU
		{FED9DA99-98EE-4D91-9E46-355C5E434852}.Ad-Hoc|iPhone.ActiveCfg = Release|Any CPU
		{FED9DA99-98EE-4D91-9E46-355C5E434852}.Ad-Hoc|iPhone.Build.0 = Release|Any CPU
		{FED9DA99-98EE-4D91-9E46-355C5E434852}.Ad-Hoc|iPhoneSimulator.ActiveCfg = Release|Any CPU
		{FED9DA99-98EE-4D91-9E46-355C5E434852}.Ad-Hoc|iPhoneSimulator.Build.0 = Release|Any CPU
		{FED9DA99-98EE-4D91-9E46-355C5E434852}.Ad-Hoc|x64.ActiveCfg = Release|Any CPU
		{FED9DA99-98EE-4D91-9E46-355C5E434852}.Ad-Hoc|x64.Build.0 = Release|Any CPU
		{FED9DA99-98EE-4D91-9E46-355C5E434852}.Ad-Hoc|x86.ActiveCfg = Release|Any CPU
		{FED9DA99-98EE-4D91-9E46-355C5E434852}.Ad-Hoc|x86.Build.0 = Release|Any CPU
		{FED9DA99-98EE-4D91-9E46-355C5E434852}.AppStore|Any CPU.ActiveCfg = Release|Any CPU
		{FED9DA99-98EE-4D91-9E46-355C5E434852}.AppStore|Any CPU.Build.0 = Release|Any CPU
		{FED9DA99-98EE-4D91-9E46-355C5E434852}.AppStore|ARM.ActiveCfg = Release|Any CPU
		{FED9DA99-98EE-4D91-9E46-355C5E434852}.AppStore|ARM.Build.0 = Release|Any CPU
		{FED9DA99-98EE-4D91-9E46-355C5E434852}.AppStore|iPhone.ActiveCfg = Release|Any CPU
		{FED9DA99-98EE-4D91-9E46-355C5E434852}.AppStore|iPhone.Build.0 = Release|Any CPU
		{FED9DA99-98EE-4D91-9E46-355C5E434852}.AppStore|iPhoneSimulator.ActiveCfg = Release|Any CPU
		{FED9DA99-98EE-4D91-9E46-355C5E434852}.AppStore|iPhoneSimulator.Build.0 = Release|Any CPU
		{FED9DA99-98EE-4D91-9E46-355C5E434852}.AppStore|x64.ActiveCfg = Release|Any CPU
		{FED9DA99-98EE-4D91-9E46-355C5E434852}.AppStore|x64.Build.0 = Release|Any CPU
		{FED9DA99-98EE-4D91-9E46-355C5E434852}.AppStore|x86.ActiveCfg = Release|Any CPU
		{FED9DA99-98EE-4D91-9E46-355C5E434852}.AppStore|x86.Build.0 = Release|Any CPU
		{FED9DA99-98EE-4D91-9E46-355C5E434852}.Debug|Any CPU.ActiveCfg = Debug|Any CPU
		{FED9DA99-98EE-4D91-9E46-355C5E434852}.Debug|Any CPU.Build.0 = Debug|Any CPU
		{FED9DA99-98EE-4D91-9E46-355C5E434852}.Debug|ARM.ActiveCfg = Debug|Any CPU
		{FED9DA99-98EE-4D91-9E46-355C5E434852}.Debug|ARM.Build.0 = Debug|Any CPU
		{FED9DA99-98EE-4D91-9E46-355C5E434852}.Debug|iPhone.ActiveCfg = Debug|Any CPU
		{FED9DA99-98EE-4D91-9E46-355C5E434852}.Debug|iPhone.Build.0 = Debug|Any CPU
		{FED9DA99-98EE-4D91-9E46-355C5E434852}.Debug|iPhoneSimulator.ActiveCfg = Debug|Any CPU
		{FED9DA99-98EE-4D91-9E46-355C5E434852}.Debug|iPhoneSimulator.Build.0 = Debug|Any CPU
		{FED9DA99-98EE-4D91-9E46-355C5E434852}.Debug|x64.ActiveCfg = Debug|Any CPU
		{FED9DA99-98EE-4D91-9E46-355C5E434852}.Debug|x64.Build.0 = Debug|Any CPU
		{FED9DA99-98EE-4D91-9E46-355C5E434852}.Debug|x86.ActiveCfg = Debug|Any CPU
		{FED9DA99-98EE-4D91-9E46-355C5E434852}.Debug|x86.Build.0 = Debug|Any CPU
		{FED9DA99-98EE-4D91-9E46-355C5E434852}.Release|Any CPU.ActiveCfg = Release|Any CPU
		{FED9DA99-98EE-4D91-9E46-355C5E434852}.Release|Any CPU.Build.0 = Release|Any CPU
		{FED9DA99-98EE-4D91-9E46-355C5E434852}.Release|ARM.ActiveCfg = Release|Any CPU
		{FED9DA99-98EE-4D91-9E46-355C5E434852}.Release|ARM.Build.0 = Release|Any CPU
		{FED9DA99-98EE-4D91-9E46-355C5E434852}.Release|iPhone.ActiveCfg = Release|Any CPU
		{FED9DA99-98EE-4D91-9E46-355C5E434852}.Release|iPhone.Build.0 = Release|Any CPU
		{FED9DA99-98EE-4D91-9E46-355C5E434852}.Release|iPhoneSimulator.ActiveCfg = Release|Any CPU
		{FED9DA99-98EE-4D91-9E46-355C5E434852}.Release|iPhoneSimulator.Build.0 = Release|Any CPU
		{FED9DA99-98EE-4D91-9E46-355C5E434852}.Release|x64.ActiveCfg = Release|Any CPU
		{FED9DA99-98EE-4D91-9E46-355C5E434852}.Release|x64.Build.0 = Release|Any CPU
		{FED9DA99-98EE-4D91-9E46-355C5E434852}.Release|x86.ActiveCfg = Release|Any CPU
		{FED9DA99-98EE-4D91-9E46-355C5E434852}.Release|x86.Build.0 = Release|Any CPU
		{7C6CC17D-970E-40DB-8461-38A21156130C}.Ad-Hoc|Any CPU.ActiveCfg = Release|Any CPU
		{7C6CC17D-970E-40DB-8461-38A21156130C}.Ad-Hoc|Any CPU.Build.0 = Release|Any CPU
		{7C6CC17D-970E-40DB-8461-38A21156130C}.Ad-Hoc|ARM.ActiveCfg = Release|Any CPU
		{7C6CC17D-970E-40DB-8461-38A21156130C}.Ad-Hoc|ARM.Build.0 = Release|Any CPU
		{7C6CC17D-970E-40DB-8461-38A21156130C}.Ad-Hoc|iPhone.ActiveCfg = Release|Any CPU
		{7C6CC17D-970E-40DB-8461-38A21156130C}.Ad-Hoc|iPhone.Build.0 = Release|Any CPU
		{7C6CC17D-970E-40DB-8461-38A21156130C}.Ad-Hoc|iPhoneSimulator.ActiveCfg = Release|Any CPU
		{7C6CC17D-970E-40DB-8461-38A21156130C}.Ad-Hoc|iPhoneSimulator.Build.0 = Release|Any CPU
		{7C6CC17D-970E-40DB-8461-38A21156130C}.Ad-Hoc|x64.ActiveCfg = Release|Any CPU
		{7C6CC17D-970E-40DB-8461-38A21156130C}.Ad-Hoc|x64.Build.0 = Release|Any CPU
		{7C6CC17D-970E-40DB-8461-38A21156130C}.Ad-Hoc|x86.ActiveCfg = Release|Any CPU
		{7C6CC17D-970E-40DB-8461-38A21156130C}.Ad-Hoc|x86.Build.0 = Release|Any CPU
		{7C6CC17D-970E-40DB-8461-38A21156130C}.AppStore|Any CPU.ActiveCfg = Release|Any CPU
		{7C6CC17D-970E-40DB-8461-38A21156130C}.AppStore|Any CPU.Build.0 = Release|Any CPU
		{7C6CC17D-970E-40DB-8461-38A21156130C}.AppStore|ARM.ActiveCfg = Release|Any CPU
		{7C6CC17D-970E-40DB-8461-38A21156130C}.AppStore|ARM.Build.0 = Release|Any CPU
		{7C6CC17D-970E-40DB-8461-38A21156130C}.AppStore|iPhone.ActiveCfg = Release|Any CPU
		{7C6CC17D-970E-40DB-8461-38A21156130C}.AppStore|iPhone.Build.0 = Release|Any CPU
		{7C6CC17D-970E-40DB-8461-38A21156130C}.AppStore|iPhoneSimulator.ActiveCfg = Release|Any CPU
		{7C6CC17D-970E-40DB-8461-38A21156130C}.AppStore|iPhoneSimulator.Build.0 = Release|Any CPU
		{7C6CC17D-970E-40DB-8461-38A21156130C}.AppStore|x64.ActiveCfg = Release|Any CPU
		{7C6CC17D-970E-40DB-8461-38A21156130C}.AppStore|x64.Build.0 = Release|Any CPU
		{7C6CC17D-970E-40DB-8461-38A21156130C}.AppStore|x86.ActiveCfg = Release|Any CPU
		{7C6CC17D-970E-40DB-8461-38A21156130C}.AppStore|x86.Build.0 = Release|Any CPU
		{7C6CC17D-970E-40DB-8461-38A21156130C}.Debug|Any CPU.ActiveCfg = Debug|Any CPU
		{7C6CC17D-970E-40DB-8461-38A21156130C}.Debug|Any CPU.Build.0 = Debug|Any CPU
		{7C6CC17D-970E-40DB-8461-38A21156130C}.Debug|ARM.ActiveCfg = Debug|Any CPU
		{7C6CC17D-970E-40DB-8461-38A21156130C}.Debug|ARM.Build.0 = Debug|Any CPU
		{7C6CC17D-970E-40DB-8461-38A21156130C}.Debug|iPhone.ActiveCfg = Debug|Any CPU
		{7C6CC17D-970E-40DB-8461-38A21156130C}.Debug|iPhone.Build.0 = Debug|Any CPU
		{7C6CC17D-970E-40DB-8461-38A21156130C}.Debug|iPhoneSimulator.ActiveCfg = Debug|Any CPU
		{7C6CC17D-970E-40DB-8461-38A21156130C}.Debug|iPhoneSimulator.Build.0 = Debug|Any CPU
		{7C6CC17D-970E-40DB-8461-38A21156130C}.Debug|x64.ActiveCfg = Debug|Any CPU
		{7C6CC17D-970E-40DB-8461-38A21156130C}.Debug|x64.Build.0 = Debug|Any CPU
		{7C6CC17D-970E-40DB-8461-38A21156130C}.Debug|x86.ActiveCfg = Debug|Any CPU
		{7C6CC17D-970E-40DB-8461-38A21156130C}.Debug|x86.Build.0 = Debug|Any CPU
		{7C6CC17D-970E-40DB-8461-38A21156130C}.Release|Any CPU.ActiveCfg = Release|Any CPU
		{7C6CC17D-970E-40DB-8461-38A21156130C}.Release|Any CPU.Build.0 = Release|Any CPU
		{7C6CC17D-970E-40DB-8461-38A21156130C}.Release|ARM.ActiveCfg = Release|Any CPU
		{7C6CC17D-970E-40DB-8461-38A21156130C}.Release|ARM.Build.0 = Release|Any CPU
		{7C6CC17D-970E-40DB-8461-38A21156130C}.Release|iPhone.ActiveCfg = Release|Any CPU
		{7C6CC17D-970E-40DB-8461-38A21156130C}.Release|iPhone.Build.0 = Release|Any CPU
		{7C6CC17D-970E-40DB-8461-38A21156130C}.Release|iPhoneSimulator.ActiveCfg = Release|Any CPU
		{7C6CC17D-970E-40DB-8461-38A21156130C}.Release|iPhoneSimulator.Build.0 = Release|Any CPU
		{7C6CC17D-970E-40DB-8461-38A21156130C}.Release|x64.ActiveCfg = Release|Any CPU
		{7C6CC17D-970E-40DB-8461-38A21156130C}.Release|x64.Build.0 = Release|Any CPU
		{7C6CC17D-970E-40DB-8461-38A21156130C}.Release|x86.ActiveCfg = Release|Any CPU
		{7C6CC17D-970E-40DB-8461-38A21156130C}.Release|x86.Build.0 = Release|Any CPU
		{160A2644-409A-416B-9552-F2411BF58287}.Ad-Hoc|Any CPU.ActiveCfg = Release|Any CPU
		{160A2644-409A-416B-9552-F2411BF58287}.Ad-Hoc|Any CPU.Build.0 = Release|Any CPU
		{160A2644-409A-416B-9552-F2411BF58287}.Ad-Hoc|ARM.ActiveCfg = Release|ARM
		{160A2644-409A-416B-9552-F2411BF58287}.Ad-Hoc|ARM.Build.0 = Release|ARM
		{160A2644-409A-416B-9552-F2411BF58287}.Ad-Hoc|iPhone.ActiveCfg = Release|Any CPU
		{160A2644-409A-416B-9552-F2411BF58287}.Ad-Hoc|iPhone.Build.0 = Release|Any CPU
		{160A2644-409A-416B-9552-F2411BF58287}.Ad-Hoc|iPhoneSimulator.ActiveCfg = Release|Any CPU
		{160A2644-409A-416B-9552-F2411BF58287}.Ad-Hoc|iPhoneSimulator.Build.0 = Release|Any CPU
		{160A2644-409A-416B-9552-F2411BF58287}.Ad-Hoc|x64.ActiveCfg = Release|x64
		{160A2644-409A-416B-9552-F2411BF58287}.Ad-Hoc|x64.Build.0 = Release|x64
		{160A2644-409A-416B-9552-F2411BF58287}.Ad-Hoc|x86.ActiveCfg = Release|x86
		{160A2644-409A-416B-9552-F2411BF58287}.Ad-Hoc|x86.Build.0 = Release|x86
		{160A2644-409A-416B-9552-F2411BF58287}.AppStore|Any CPU.ActiveCfg = Release|Any CPU
		{160A2644-409A-416B-9552-F2411BF58287}.AppStore|Any CPU.Build.0 = Release|Any CPU
		{160A2644-409A-416B-9552-F2411BF58287}.AppStore|ARM.ActiveCfg = Release|ARM
		{160A2644-409A-416B-9552-F2411BF58287}.AppStore|ARM.Build.0 = Release|ARM
		{160A2644-409A-416B-9552-F2411BF58287}.AppStore|iPhone.ActiveCfg = Release|Any CPU
		{160A2644-409A-416B-9552-F2411BF58287}.AppStore|iPhone.Build.0 = Release|Any CPU
		{160A2644-409A-416B-9552-F2411BF58287}.AppStore|iPhoneSimulator.ActiveCfg = Release|Any CPU
		{160A2644-409A-416B-9552-F2411BF58287}.AppStore|iPhoneSimulator.Build.0 = Release|Any CPU
		{160A2644-409A-416B-9552-F2411BF58287}.AppStore|x64.ActiveCfg = Release|x64
		{160A2644-409A-416B-9552-F2411BF58287}.AppStore|x64.Build.0 = Release|x64
		{160A2644-409A-416B-9552-F2411BF58287}.AppStore|x86.ActiveCfg = Release|x86
		{160A2644-409A-416B-9552-F2411BF58287}.AppStore|x86.Build.0 = Release|x86
		{160A2644-409A-416B-9552-F2411BF58287}.Debug|Any CPU.ActiveCfg = Debug|Any CPU
		{160A2644-409A-416B-9552-F2411BF58287}.Debug|Any CPU.Build.0 = Debug|Any CPU
		{160A2644-409A-416B-9552-F2411BF58287}.Debug|ARM.ActiveCfg = Debug|ARM
		{160A2644-409A-416B-9552-F2411BF58287}.Debug|ARM.Build.0 = Debug|ARM
		{160A2644-409A-416B-9552-F2411BF58287}.Debug|iPhone.ActiveCfg = Debug|Any CPU
		{160A2644-409A-416B-9552-F2411BF58287}.Debug|iPhone.Build.0 = Debug|Any CPU
		{160A2644-409A-416B-9552-F2411BF58287}.Debug|iPhoneSimulator.ActiveCfg = Debug|Any CPU
		{160A2644-409A-416B-9552-F2411BF58287}.Debug|iPhoneSimulator.Build.0 = Debug|Any CPU
		{160A2644-409A-416B-9552-F2411BF58287}.Debug|x64.ActiveCfg = Debug|x64
		{160A2644-409A-416B-9552-F2411BF58287}.Debug|x64.Build.0 = Debug|x64
		{160A2644-409A-416B-9552-F2411BF58287}.Debug|x86.ActiveCfg = Debug|x86
		{160A2644-409A-416B-9552-F2411BF58287}.Debug|x86.Build.0 = Debug|x86
		{160A2644-409A-416B-9552-F2411BF58287}.Release|Any CPU.ActiveCfg = Release|Any CPU
		{160A2644-409A-416B-9552-F2411BF58287}.Release|Any CPU.Build.0 = Release|Any CPU
		{160A2644-409A-416B-9552-F2411BF58287}.Release|ARM.ActiveCfg = Release|ARM
		{160A2644-409A-416B-9552-F2411BF58287}.Release|ARM.Build.0 = Release|ARM
		{160A2644-409A-416B-9552-F2411BF58287}.Release|iPhone.ActiveCfg = Release|Any CPU
		{160A2644-409A-416B-9552-F2411BF58287}.Release|iPhone.Build.0 = Release|Any CPU
		{160A2644-409A-416B-9552-F2411BF58287}.Release|iPhoneSimulator.ActiveCfg = Release|Any CPU
		{160A2644-409A-416B-9552-F2411BF58287}.Release|iPhoneSimulator.Build.0 = Release|Any CPU
		{160A2644-409A-416B-9552-F2411BF58287}.Release|x64.ActiveCfg = Release|x64
		{160A2644-409A-416B-9552-F2411BF58287}.Release|x64.Build.0 = Release|x64
		{160A2644-409A-416B-9552-F2411BF58287}.Release|x86.ActiveCfg = Release|x86
		{160A2644-409A-416B-9552-F2411BF58287}.Release|x86.Build.0 = Release|x86
		{C0701B4D-5D2B-4A07-AC0E-F1BEA91DFFF7}.Ad-Hoc|Any CPU.ActiveCfg = Release|Any CPU
		{C0701B4D-5D2B-4A07-AC0E-F1BEA91DFFF7}.Ad-Hoc|Any CPU.Build.0 = Release|Any CPU
		{C0701B4D-5D2B-4A07-AC0E-F1BEA91DFFF7}.Ad-Hoc|ARM.ActiveCfg = Release|Any CPU
		{C0701B4D-5D2B-4A07-AC0E-F1BEA91DFFF7}.Ad-Hoc|ARM.Build.0 = Release|Any CPU
		{C0701B4D-5D2B-4A07-AC0E-F1BEA91DFFF7}.Ad-Hoc|iPhone.ActiveCfg = Release|Any CPU
		{C0701B4D-5D2B-4A07-AC0E-F1BEA91DFFF7}.Ad-Hoc|iPhone.Build.0 = Release|Any CPU
		{C0701B4D-5D2B-4A07-AC0E-F1BEA91DFFF7}.Ad-Hoc|iPhoneSimulator.ActiveCfg = Release|Any CPU
		{C0701B4D-5D2B-4A07-AC0E-F1BEA91DFFF7}.Ad-Hoc|iPhoneSimulator.Build.0 = Release|Any CPU
		{C0701B4D-5D2B-4A07-AC0E-F1BEA91DFFF7}.Ad-Hoc|x64.ActiveCfg = Release|Any CPU
		{C0701B4D-5D2B-4A07-AC0E-F1BEA91DFFF7}.Ad-Hoc|x64.Build.0 = Release|Any CPU
		{C0701B4D-5D2B-4A07-AC0E-F1BEA91DFFF7}.Ad-Hoc|x86.ActiveCfg = Release|Any CPU
		{C0701B4D-5D2B-4A07-AC0E-F1BEA91DFFF7}.Ad-Hoc|x86.Build.0 = Release|Any CPU
		{C0701B4D-5D2B-4A07-AC0E-F1BEA91DFFF7}.AppStore|Any CPU.ActiveCfg = Release|Any CPU
		{C0701B4D-5D2B-4A07-AC0E-F1BEA91DFFF7}.AppStore|Any CPU.Build.0 = Release|Any CPU
		{C0701B4D-5D2B-4A07-AC0E-F1BEA91DFFF7}.AppStore|ARM.ActiveCfg = Release|Any CPU
		{C0701B4D-5D2B-4A07-AC0E-F1BEA91DFFF7}.AppStore|ARM.Build.0 = Release|Any CPU
		{C0701B4D-5D2B-4A07-AC0E-F1BEA91DFFF7}.AppStore|iPhone.ActiveCfg = Release|Any CPU
		{C0701B4D-5D2B-4A07-AC0E-F1BEA91DFFF7}.AppStore|iPhone.Build.0 = Release|Any CPU
		{C0701B4D-5D2B-4A07-AC0E-F1BEA91DFFF7}.AppStore|iPhoneSimulator.ActiveCfg = Release|Any CPU
		{C0701B4D-5D2B-4A07-AC0E-F1BEA91DFFF7}.AppStore|iPhoneSimulator.Build.0 = Release|Any CPU
		{C0701B4D-5D2B-4A07-AC0E-F1BEA91DFFF7}.AppStore|x64.ActiveCfg = Release|Any CPU
		{C0701B4D-5D2B-4A07-AC0E-F1BEA91DFFF7}.AppStore|x64.Build.0 = Release|Any CPU
		{C0701B4D-5D2B-4A07-AC0E-F1BEA91DFFF7}.AppStore|x86.ActiveCfg = Release|Any CPU
		{C0701B4D-5D2B-4A07-AC0E-F1BEA91DFFF7}.AppStore|x86.Build.0 = Release|Any CPU
		{C0701B4D-5D2B-4A07-AC0E-F1BEA91DFFF7}.Debug|Any CPU.ActiveCfg = Debug|Any CPU
		{C0701B4D-5D2B-4A07-AC0E-F1BEA91DFFF7}.Debug|Any CPU.Build.0 = Debug|Any CPU
		{C0701B4D-5D2B-4A07-AC0E-F1BEA91DFFF7}.Debug|ARM.ActiveCfg = Debug|Any CPU
		{C0701B4D-5D2B-4A07-AC0E-F1BEA91DFFF7}.Debug|ARM.Build.0 = Debug|Any CPU
		{C0701B4D-5D2B-4A07-AC0E-F1BEA91DFFF7}.Debug|iPhone.ActiveCfg = Debug|Any CPU
		{C0701B4D-5D2B-4A07-AC0E-F1BEA91DFFF7}.Debug|iPhone.Build.0 = Debug|Any CPU
		{C0701B4D-5D2B-4A07-AC0E-F1BEA91DFFF7}.Debug|iPhoneSimulator.ActiveCfg = Debug|Any CPU
		{C0701B4D-5D2B-4A07-AC0E-F1BEA91DFFF7}.Debug|iPhoneSimulator.Build.0 = Debug|Any CPU
		{C0701B4D-5D2B-4A07-AC0E-F1BEA91DFFF7}.Debug|x64.ActiveCfg = Debug|Any CPU
		{C0701B4D-5D2B-4A07-AC0E-F1BEA91DFFF7}.Debug|x64.Build.0 = Debug|Any CPU
		{C0701B4D-5D2B-4A07-AC0E-F1BEA91DFFF7}.Debug|x86.ActiveCfg = Debug|Any CPU
		{C0701B4D-5D2B-4A07-AC0E-F1BEA91DFFF7}.Debug|x86.Build.0 = Debug|Any CPU
		{C0701B4D-5D2B-4A07-AC0E-F1BEA91DFFF7}.Release|Any CPU.ActiveCfg = Release|Any CPU
		{C0701B4D-5D2B-4A07-AC0E-F1BEA91DFFF7}.Release|Any CPU.Build.0 = Release|Any CPU
		{C0701B4D-5D2B-4A07-AC0E-F1BEA91DFFF7}.Release|ARM.ActiveCfg = Release|Any CPU
		{C0701B4D-5D2B-4A07-AC0E-F1BEA91DFFF7}.Release|ARM.Build.0 = Release|Any CPU
		{C0701B4D-5D2B-4A07-AC0E-F1BEA91DFFF7}.Release|iPhone.ActiveCfg = Release|Any CPU
		{C0701B4D-5D2B-4A07-AC0E-F1BEA91DFFF7}.Release|iPhone.Build.0 = Release|Any CPU
		{C0701B4D-5D2B-4A07-AC0E-F1BEA91DFFF7}.Release|iPhoneSimulator.ActiveCfg = Release|Any CPU
		{C0701B4D-5D2B-4A07-AC0E-F1BEA91DFFF7}.Release|iPhoneSimulator.Build.0 = Release|Any CPU
		{C0701B4D-5D2B-4A07-AC0E-F1BEA91DFFF7}.Release|x64.ActiveCfg = Release|Any CPU
		{C0701B4D-5D2B-4A07-AC0E-F1BEA91DFFF7}.Release|x64.Build.0 = Release|Any CPU
		{C0701B4D-5D2B-4A07-AC0E-F1BEA91DFFF7}.Release|x86.ActiveCfg = Release|Any CPU
		{C0701B4D-5D2B-4A07-AC0E-F1BEA91DFFF7}.Release|x86.Build.0 = Release|Any CPU
		{B5C4E580-FB11-401C-B95B-AB3CE866E087}.Ad-Hoc|Any CPU.ActiveCfg = Release|Any CPU
		{B5C4E580-FB11-401C-B95B-AB3CE866E087}.Ad-Hoc|Any CPU.Build.0 = Release|Any CPU
		{B5C4E580-FB11-401C-B95B-AB3CE866E087}.Ad-Hoc|ARM.ActiveCfg = Release|Any CPU
		{B5C4E580-FB11-401C-B95B-AB3CE866E087}.Ad-Hoc|ARM.Build.0 = Release|Any CPU
		{B5C4E580-FB11-401C-B95B-AB3CE866E087}.Ad-Hoc|iPhone.ActiveCfg = Release|Any CPU
		{B5C4E580-FB11-401C-B95B-AB3CE866E087}.Ad-Hoc|iPhone.Build.0 = Release|Any CPU
		{B5C4E580-FB11-401C-B95B-AB3CE866E087}.Ad-Hoc|iPhoneSimulator.ActiveCfg = Release|Any CPU
		{B5C4E580-FB11-401C-B95B-AB3CE866E087}.Ad-Hoc|iPhoneSimulator.Build.0 = Release|Any CPU
		{B5C4E580-FB11-401C-B95B-AB3CE866E087}.Ad-Hoc|x64.ActiveCfg = Release|Any CPU
		{B5C4E580-FB11-401C-B95B-AB3CE866E087}.Ad-Hoc|x64.Build.0 = Release|Any CPU
		{B5C4E580-FB11-401C-B95B-AB3CE866E087}.Ad-Hoc|x86.ActiveCfg = Release|Any CPU
		{B5C4E580-FB11-401C-B95B-AB3CE866E087}.Ad-Hoc|x86.Build.0 = Release|Any CPU
		{B5C4E580-FB11-401C-B95B-AB3CE866E087}.AppStore|Any CPU.ActiveCfg = Release|Any CPU
		{B5C4E580-FB11-401C-B95B-AB3CE866E087}.AppStore|Any CPU.Build.0 = Release|Any CPU
		{B5C4E580-FB11-401C-B95B-AB3CE866E087}.AppStore|ARM.ActiveCfg = Release|Any CPU
		{B5C4E580-FB11-401C-B95B-AB3CE866E087}.AppStore|ARM.Build.0 = Release|Any CPU
		{B5C4E580-FB11-401C-B95B-AB3CE866E087}.AppStore|iPhone.ActiveCfg = Release|Any CPU
		{B5C4E580-FB11-401C-B95B-AB3CE866E087}.AppStore|iPhone.Build.0 = Release|Any CPU
		{B5C4E580-FB11-401C-B95B-AB3CE866E087}.AppStore|iPhoneSimulator.ActiveCfg = Release|Any CPU
		{B5C4E580-FB11-401C-B95B-AB3CE866E087}.AppStore|iPhoneSimulator.Build.0 = Release|Any CPU
		{B5C4E580-FB11-401C-B95B-AB3CE866E087}.AppStore|x64.ActiveCfg = Release|Any CPU
		{B5C4E580-FB11-401C-B95B-AB3CE866E087}.AppStore|x64.Build.0 = Release|Any CPU
		{B5C4E580-FB11-401C-B95B-AB3CE866E087}.AppStore|x86.ActiveCfg = Release|Any CPU
		{B5C4E580-FB11-401C-B95B-AB3CE866E087}.AppStore|x86.Build.0 = Release|Any CPU
		{B5C4E580-FB11-401C-B95B-AB3CE866E087}.Debug|Any CPU.ActiveCfg = Debug|Any CPU
		{B5C4E580-FB11-401C-B95B-AB3CE866E087}.Debug|Any CPU.Build.0 = Debug|Any CPU
		{B5C4E580-FB11-401C-B95B-AB3CE866E087}.Debug|ARM.ActiveCfg = Debug|Any CPU
		{B5C4E580-FB11-401C-B95B-AB3CE866E087}.Debug|ARM.Build.0 = Debug|Any CPU
		{B5C4E580-FB11-401C-B95B-AB3CE866E087}.Debug|iPhone.ActiveCfg = Debug|Any CPU
		{B5C4E580-FB11-401C-B95B-AB3CE866E087}.Debug|iPhone.Build.0 = Debug|Any CPU
		{B5C4E580-FB11-401C-B95B-AB3CE866E087}.Debug|iPhoneSimulator.ActiveCfg = Debug|Any CPU
		{B5C4E580-FB11-401C-B95B-AB3CE866E087}.Debug|iPhoneSimulator.Build.0 = Debug|Any CPU
		{B5C4E580-FB11-401C-B95B-AB3CE866E087}.Debug|x64.ActiveCfg = Debug|Any CPU
		{B5C4E580-FB11-401C-B95B-AB3CE866E087}.Debug|x64.Build.0 = Debug|Any CPU
		{B5C4E580-FB11-401C-B95B-AB3CE866E087}.Debug|x86.ActiveCfg = Debug|Any CPU
		{B5C4E580-FB11-401C-B95B-AB3CE866E087}.Debug|x86.Build.0 = Debug|Any CPU
		{B5C4E580-FB11-401C-B95B-AB3CE866E087}.Release|Any CPU.ActiveCfg = Release|Any CPU
		{B5C4E580-FB11-401C-B95B-AB3CE866E087}.Release|Any CPU.Build.0 = Release|Any CPU
		{B5C4E580-FB11-401C-B95B-AB3CE866E087}.Release|ARM.ActiveCfg = Release|Any CPU
		{B5C4E580-FB11-401C-B95B-AB3CE866E087}.Release|ARM.Build.0 = Release|Any CPU
		{B5C4E580-FB11-401C-B95B-AB3CE866E087}.Release|iPhone.ActiveCfg = Release|Any CPU
		{B5C4E580-FB11-401C-B95B-AB3CE866E087}.Release|iPhone.Build.0 = Release|Any CPU
		{B5C4E580-FB11-401C-B95B-AB3CE866E087}.Release|iPhoneSimulator.ActiveCfg = Release|Any CPU
		{B5C4E580-FB11-401C-B95B-AB3CE866E087}.Release|iPhoneSimulator.Build.0 = Release|Any CPU
		{B5C4E580-FB11-401C-B95B-AB3CE866E087}.Release|x64.ActiveCfg = Release|Any CPU
		{B5C4E580-FB11-401C-B95B-AB3CE866E087}.Release|x64.Build.0 = Release|Any CPU
		{B5C4E580-FB11-401C-B95B-AB3CE866E087}.Release|x86.ActiveCfg = Release|Any CPU
		{B5C4E580-FB11-401C-B95B-AB3CE866E087}.Release|x86.Build.0 = Release|Any CPU
	EndGlobalSection
	GlobalSection(SolutionProperties) = preSolution
		HideSolutionNode = FALSE
	EndGlobalSection
	GlobalSection(NestedProjects) = preSolution
		{2A984E80-2998-4926-BF5A-291F832DDE40} = {0696AF4C-E22E-49B7-ADC7-550A20A2C82D}
		{FCF2BEB7-2283-4484-BE63-99F95885F055} = {0696AF4C-E22E-49B7-ADC7-550A20A2C82D}
		{05E24504-78EA-44B0-BD3A-45CBD40E32DC} = {0696AF4C-E22E-49B7-ADC7-550A20A2C82D}
		{03A6EC6B-2FF0-4528-9757-59D0646384AE} = {54AD9E7C-CF90-4B88-A659-31E6B66CC3C2}
		{B464A0C0-0752-40D3-B80F-6EAB39A04776} = {54AD9E7C-CF90-4B88-A659-31E6B66CC3C2}
		{A252D430-FE08-4089-8F72-5BA1CECFD130} = {54AD9E7C-CF90-4B88-A659-31E6B66CC3C2}
		{5FE34366-444F-4711-A337-34E52A4E9116} = {0696AF4C-E22E-49B7-ADC7-550A20A2C82D}
		{72B8B46A-6304-4BC3-90DA-817EF3F0BC2C} = {AB51FA67-24A0-45D6-95C7-222F82A9A2DA}
		{FED9DA99-98EE-4D91-9E46-355C5E434852} = {AB51FA67-24A0-45D6-95C7-222F82A9A2DA}
		{7C6CC17D-970E-40DB-8461-38A21156130C} = {F6F2AA6E-904B-4847-900C-42C618F1610F}
		{160A2644-409A-416B-9552-F2411BF58287} = {54AD9E7C-CF90-4B88-A659-31E6B66CC3C2}
		{C0701B4D-5D2B-4A07-AC0E-F1BEA91DFFF7} = {160DAB23-DF3F-4B50-B4DC-E77F0293AB29}
		{B5C4E580-FB11-401C-B95B-AB3CE866E087} = {160DAB23-DF3F-4B50-B4DC-E77F0293AB29}
	EndGlobalSection
	GlobalSection(ExtensibilityGlobals) = postSolution
		SolutionGuid = {09ACECC1-E2F0-4D1E-9550-74F886BD1511}
	EndGlobalSection
EndGlobal
